{
  "version": 4,
  "terraform_version": "1.10.1",
  "serial": 659,
  "lineage": "2107b989-fa7f-cc24-caa2-dd9496c93d0d",
  "outputs": {
    "app_instance_ips": {
      "value": [
        "3.235.10.38",
        "52.87.205.139",
        "3.80.94.102",
        "3.228.13.145",
        "54.144.224.189"
      ],
      "type": [
        "tuple",
        [
          "string",
          "string",
          "string",
          "string",
          "string"
        ]
      ]
    },
    "available_azs": {
      "value": [
        "us-east-1a",
        "us-east-1b",
        "us-east-1c",
        "us-east-1d",
        "us-east-1e",
        "us-east-1f"
      ],
      "type": [
        "list",
        "string"
      ]
    },
    "debug_security_groups": {
      "value": {
        "app_sg_id": "sg-01d0a3a607f8e51b8",
        "cache_sg_id": "sg-058aa44d81e5d8562",
        "db_sg_id": "sg-0ac6c0176d8036597"
      },
      "type": [
        "object",
        {
          "app_sg_id": "string",
          "cache_sg_id": "string",
          "db_sg_id": "string"
        }
      ]
    },
    "detected_ip": {
      "value": "102.215.57.149",
      "type": "string"
    },
    "elasticache_endpoint": {
      "value": "core-banking-cache.mvtity.0001.use1.cache.amazonaws.com",
      "type": "string"
    },
    "elasticache_port": {
      "value": 11211,
      "type": "number"
    },
    "env_ip": {
      "value": "0.0.0.0/0",
      "type": "string"
    },
    "private_subnet_cidrs": {
      "value": [
        "10.0.1.0/24",
        "10.0.2.0/24",
        "10.0.3.0/24"
      ],
      "type": [
        "tuple",
        [
          "string",
          "string",
          "string"
        ]
      ]
    },
    "public_subnet_cidrs": {
      "value": [
        "10.0.10.0/24",
        "10.0.11.0/24",
        "10.0.12.0/24"
      ],
      "type": [
        "tuple",
        [
          "string",
          "string",
          "string"
        ]
      ]
    },
    "used_ip": {
      "value": "102.215.57.149/32",
      "type": "string"
    }
  },
  "resources": [
    {
      "mode": "data",
      "type": "aws_availability_zones",
      "name": "available",
      "provider": "provider[\"registry.terraform.io/hashicorp/aws\"]",
      "instances": [
        {
          "schema_version": 0,
          "attributes": {
            "all_availability_zones": null,
            "exclude_names": null,
            "exclude_zone_ids": null,
            "filter": null,
            "group_names": [
              "us-east-1-zg-1"
            ],
            "id": "us-east-1",
            "names": [
              "us-east-1a",
              "us-east-1b",
              "us-east-1c",
              "us-east-1d",
              "us-east-1e",
              "us-east-1f"
            ],
            "state": "available",
            "timeouts": null,
            "zone_ids": [
              "use1-az1",
              "use1-az2",
              "use1-az4",
              "use1-az6",
              "use1-az3",
              "use1-az5"
            ]
          },
          "sensitive_attributes": []
        }
      ]
    },
    {
      "mode": "data",
      "type": "http",
      "name": "myip",
      "provider": "provider[\"registry.terraform.io/hashicorp/http\"]",
      "instances": [
        {
          "schema_version": 0,
          "attributes": {
            "body": "102.215.57.149",
            "ca_cert_pem": null,
            "id": "https://api.ipify.org",
            "insecure": null,
            "method": null,
            "request_body": null,
            "request_headers": null,
            "request_timeout_ms": null,
            "response_body": "102.215.57.149",
            "response_body_base64": "MTAyLjIxNS41Ny4xNDk=",
            "response_headers": {
              "Cf-Cache-Status": "DYNAMIC",
              "Cf-Ray": "90cc647ed96173b0-JNB",
              "Content-Length": "14",
              "Content-Type": "text/plain",
              "Date": "Tue, 04 Feb 2025 17:31:08 GMT",
              "Server": "cloudflare",
              "Server-Timing": "cfL4;desc=\"?proto=TCP\u0026rtt=139988\u0026min_rtt=115303\u0026rtt_var=36284\u0026sent=8\u0026recv=11\u0026lost=0\u0026retrans=0\u0026sent_bytes=3191\u0026recv_bytes=520\u0026delivery_rate=27618\u0026cwnd=254\u0026unsent_bytes=0\u0026cid=5906d163cdf48425\u0026ts=728\u0026x=0\"",
              "Vary": "Origin"
            },
            "retry": null,
            "status_code": 200,
            "url": "https://api.ipify.org"
          },
          "sensitive_attributes": []
        }
      ]
    },
    {
      "mode": "managed",
      "type": "aws_db_instance",
      "name": "main",
      "provider": "provider[\"registry.terraform.io/hashicorp/aws\"]",
      "instances": [
        {
          "schema_version": 2,
          "attributes": {
            "address": "core-banking-db.cny82u2yy2h7.us-east-1.rds.amazonaws.com",
            "allocated_storage": 20,
            "allow_major_version_upgrade": null,
            "apply_immediately": false,
            "arn": "arn:aws:rds:us-east-1:767398052348:db:core-banking-db",
            "auto_minor_version_upgrade": true,
            "availability_zone": "us-east-1a",
            "backup_retention_period": 7,
            "backup_target": "region",
            "backup_window": "04:11-04:41",
            "blue_green_update": [],
            "ca_cert_identifier": "rds-ca-rsa2048-g1",
            "character_set_name": "",
            "copy_tags_to_snapshot": false,
            "custom_iam_instance_profile": "",
            "customer_owned_ip_enabled": false,
            "db_name": "corebankingdb",
            "db_subnet_group_name": "core-banking-db-subnet-group",
            "dedicated_log_volume": false,
            "delete_automated_backups": true,
            "deletion_protection": false,
            "domain": "",
            "domain_auth_secret_arn": "",
            "domain_dns_ips": [],
            "domain_fqdn": "",
            "domain_iam_role_name": "",
            "domain_ou": "",
            "enabled_cloudwatch_logs_exports": [],
            "endpoint": "core-banking-db.cny82u2yy2h7.us-east-1.rds.amazonaws.com:5432",
            "engine": "postgres",
            "engine_lifecycle_support": "open-source-rds-extended-support",
            "engine_version": "14.13",
            "engine_version_actual": "14.13",
            "final_snapshot_identifier": null,
            "hosted_zone_id": "Z2R2ITUGPM61AM",
            "iam_database_authentication_enabled": false,
            "id": "db-2PBIGEPGNT4BNYOTY5576HN4QQ",
            "identifier": "core-banking-db",
            "identifier_prefix": "",
            "instance_class": "db.t3.micro",
            "iops": 0,
            "kms_key_id": "",
            "latest_restorable_time": "2025-02-04T17:24:33Z",
            "license_model": "postgresql-license",
            "listener_endpoint": [],
            "maintenance_window": "mon:06:09-mon:06:39",
            "manage_master_user_password": null,
            "master_user_secret": [],
            "master_user_secret_kms_key_id": null,
            "max_allocated_storage": 0,
            "monitoring_interval": 0,
            "monitoring_role_arn": "",
            "multi_az": true,
            "nchar_character_set_name": "",
            "network_type": "IPV4",
            "option_group_name": "default:postgres-14",
            "parameter_group_name": "default.postgres14",
            "password": "your-secure-password",
            "performance_insights_enabled": false,
            "performance_insights_kms_key_id": "",
            "performance_insights_retention_period": 0,
            "port": 5432,
            "publicly_accessible": false,
            "replica_mode": "",
            "replicas": [],
            "replicate_source_db": "",
            "resource_id": "db-2PBIGEPGNT4BNYOTY5576HN4QQ",
            "restore_to_point_in_time": [],
            "s3_import": [],
            "skip_final_snapshot": true,
            "snapshot_identifier": null,
            "status": "available",
            "storage_encrypted": false,
            "storage_throughput": 0,
            "storage_type": "gp2",
            "tags": {},
            "tags_all": {},
            "timeouts": null,
            "timezone": "",
            "upgrade_storage_config": null,
            "username": "tech4devops",
            "vpc_security_group_ids": [
              "sg-0ac6c0176d8036597"
            ]
          },
          "sensitive_attributes": [
            [
              {
                "type": "get_attr",
                "value": "password"
              }
            ]
          ],
          "private": "eyJlMmJmYjczMC1lY2FhLTExZTYtOGY4OC0zNDM2M2JjN2M0YzAiOnsiY3JlYXRlIjozMDAwMDAwMDAwMDAwLCJkZWxldGUiOjM2MDAwMDAwMDAwMDAsInVwZGF0ZSI6NDgwMDAwMDAwMDAwMH0sInNjaGVtYV92ZXJzaW9uIjoiMiJ9",
          "dependencies": [
            "aws_db_subnet_group.main",
            "aws_security_group.alb",
            "aws_security_group.app",
            "aws_security_group.db",
            "aws_subnet.private",
            "aws_vpc.main",
            "data.aws_availability_zones.available",
            "data.http.myip"
          ]
        }
      ]
    },
    {
      "mode": "managed",
      "type": "aws_db_subnet_group",
      "name": "main",
      "provider": "provider[\"registry.terraform.io/hashicorp/aws\"]",
      "instances": [
        {
          "schema_version": 0,
          "attributes": {
            "arn": "arn:aws:rds:us-east-1:767398052348:subgrp:core-banking-db-subnet-group",
            "description": "Managed by Terraform",
            "id": "core-banking-db-subnet-group",
            "name": "core-banking-db-subnet-group",
            "name_prefix": "",
            "subnet_ids": [
              "subnet-062c62c7e90be6d41",
              "subnet-08c94dd7b8d7b3d27",
              "subnet-0ef2f4b2a666924a1"
            ],
            "supported_network_types": [
              "IPV4"
            ],
            "tags": {
              "Name": "core-banking-db-subnet-group"
            },
            "tags_all": {
              "Name": "core-banking-db-subnet-group"
            },
            "vpc_id": "vpc-0bc58d4c646ae4d4c"
          },
          "sensitive_attributes": [],
          "private": "bnVsbA==",
          "dependencies": [
            "aws_subnet.private",
            "aws_vpc.main",
            "data.aws_availability_zones.available"
          ]
        }
      ]
    },
    {
      "mode": "managed",
      "type": "aws_elasticache_cluster",
      "name": "main",
      "provider": "provider[\"registry.terraform.io/hashicorp/aws\"]",
      "instances": [
        {
          "schema_version": 0,
          "attributes": {
            "apply_immediately": null,
            "arn": "arn:aws:elasticache:us-east-1:767398052348:cluster:core-banking-cache",
            "auto_minor_version_upgrade": "true",
            "availability_zone": "us-east-1a",
            "az_mode": "single-az",
            "cache_nodes": [
              {
                "address": "core-banking-cache.mvtity.0001.use1.cache.amazonaws.com",
                "availability_zone": "us-east-1a",
                "id": "0001",
                "outpost_arn": "",
                "port": 11211
              }
            ],
            "cluster_address": "core-banking-cache.mvtity.cfg.use1.cache.amazonaws.com",
            "cluster_id": "core-banking-cache",
            "configuration_endpoint": "core-banking-cache.mvtity.cfg.use1.cache.amazonaws.com:11211",
            "engine": "memcached",
            "engine_version": "1.6.22",
            "engine_version_actual": "1.6.22",
            "final_snapshot_identifier": null,
            "id": "core-banking-cache",
            "ip_discovery": "ipv4",
            "log_delivery_configuration": [],
            "maintenance_window": "mon:04:30-mon:05:30",
            "network_type": "ipv4",
            "node_type": "cache.t4g.micro",
            "notification_topic_arn": null,
            "num_cache_nodes": 1,
            "outpost_mode": null,
            "parameter_group_name": "default.memcached1.6",
            "port": 11211,
            "preferred_availability_zones": null,
            "preferred_outpost_arn": "",
            "replication_group_id": "",
            "security_group_ids": [
              "sg-058aa44d81e5d8562"
            ],
            "snapshot_arns": null,
            "snapshot_name": null,
            "snapshot_retention_limit": 0,
            "snapshot_window": "",
            "subnet_group_name": "core-banking-cache-subnet-group",
            "tags": {},
            "tags_all": {},
            "transit_encryption_enabled": false
          },
          "sensitive_attributes": [],
          "private": "bnVsbA==",
          "dependencies": [
            "aws_elasticache_subnet_group.main",
            "aws_security_group.alb",
            "aws_security_group.app",
            "aws_security_group.cache",
            "aws_subnet.private",
            "aws_vpc.main",
            "data.aws_availability_zones.available",
            "data.http.myip"
          ]
        }
      ]
    },
    {
      "mode": "managed",
      "type": "aws_elasticache_parameter_group",
      "name": "redis7",
      "provider": "provider[\"registry.terraform.io/hashicorp/aws\"]",
      "instances": [
        {
          "schema_version": 0,
          "attributes": {
            "arn": "arn:aws:elasticache:us-east-1:767398052348:parametergroup:core-banking-redis7",
            "description": "Parameter group for Redis 7",
            "family": "redis7",
            "id": "core-banking-redis7",
            "name": "core-banking-redis7",
            "parameter": [],
            "tags": {},
            "tags_all": {}
          },
          "sensitive_attributes": [],
          "private": "bnVsbA=="
        }
      ]
    },
    {
      "mode": "managed",
      "type": "aws_elasticache_subnet_group",
      "name": "main",
      "provider": "provider[\"registry.terraform.io/hashicorp/aws\"]",
      "instances": [
        {
          "schema_version": 0,
          "attributes": {
            "arn": "arn:aws:elasticache:us-east-1:767398052348:subnetgroup:core-banking-cache-subnet-group",
            "description": "Managed by Terraform",
            "id": "core-banking-cache-subnet-group",
            "name": "core-banking-cache-subnet-group",
            "subnet_ids": [
              "subnet-062c62c7e90be6d41",
              "subnet-08c94dd7b8d7b3d27",
              "subnet-0ef2f4b2a666924a1"
            ],
            "tags": {
              "Name": "core-banking-cache-subnet-group"
            },
            "tags_all": {
              "Name": "core-banking-cache-subnet-group"
            },
            "vpc_id": "vpc-0bc58d4c646ae4d4c"
          },
          "sensitive_attributes": [],
          "private": "bnVsbA==",
          "dependencies": [
            "aws_subnet.private",
            "aws_vpc.main",
            "data.aws_availability_zones.available"
          ]
        }
      ]
    },
    {
      "mode": "managed",
      "type": "aws_instance",
      "name": "app",
      "provider": "provider[\"registry.terraform.io/hashicorp/aws\"]",
      "instances": [
        {
          "index_key": 0,
          "schema_version": 1,
          "attributes": {
            "ami": "ami-04b4f1a9cf54c11d0",
            "arn": "arn:aws:ec2:us-east-1:767398052348:instance/i-0d9886beaae1721a8",
            "associate_public_ip_address": true,
            "availability_zone": "us-east-1a",
            "capacity_reservation_specification": [
              {
                "capacity_reservation_preference": "open",
                "capacity_reservation_target": []
              }
            ],
            "cpu_core_count": 1,
            "cpu_options": [
              {
                "amd_sev_snp": "",
                "core_count": 1,
                "threads_per_core": 1
              }
            ],
            "cpu_threads_per_core": 1,
            "credit_specification": [
              {
                "cpu_credits": "standard"
              }
            ],
            "disable_api_stop": false,
            "disable_api_termination": false,
            "ebs_block_device": [],
            "ebs_optimized": false,
            "enable_primary_ipv6": null,
            "enclave_options": [
              {
                "enabled": false
              }
            ],
            "ephemeral_block_device": [],
            "get_password_data": false,
            "hibernation": false,
            "host_id": "",
            "host_resource_group_arn": null,
            "iam_instance_profile": "",
            "id": "i-0d9886beaae1721a8",
            "instance_initiated_shutdown_behavior": "stop",
            "instance_lifecycle": "",
            "instance_market_options": [],
            "instance_state": "running",
            "instance_type": "t2.micro",
            "ipv6_address_count": 0,
            "ipv6_addresses": [],
            "key_name": "core-banking-key",
            "launch_template": [],
            "maintenance_options": [
              {
                "auto_recovery": "default"
              }
            ],
            "metadata_options": [
              {
                "http_endpoint": "enabled",
                "http_protocol_ipv6": "disabled",
                "http_put_response_hop_limit": 2,
                "http_tokens": "required",
                "instance_metadata_tags": "disabled"
              }
            ],
            "monitoring": false,
            "network_interface": [],
            "outpost_arn": "",
            "password_data": "",
            "placement_group": "",
            "placement_partition_number": 0,
            "primary_network_interface_id": "eni-0eed9d26c9ebf32c8",
            "private_dns": "ip-10-0-1-31.ec2.internal",
            "private_dns_name_options": [
              {
                "enable_resource_name_dns_a_record": false,
                "enable_resource_name_dns_aaaa_record": false,
                "hostname_type": "ip-name"
              }
            ],
            "private_ip": "10.0.1.31",
            "public_dns": "ec2-3-235-10-38.compute-1.amazonaws.com",
            "public_ip": "3.235.10.38",
            "root_block_device": [
              {
                "delete_on_termination": true,
                "device_name": "/dev/sda1",
                "encrypted": false,
                "iops": 3000,
                "kms_key_id": "",
                "tags": {},
                "tags_all": {},
                "throughput": 125,
                "volume_id": "vol-03f22f5ea8dae5528",
                "volume_size": 8,
                "volume_type": "gp3"
              }
            ],
            "secondary_private_ips": [],
            "security_groups": [],
            "source_dest_check": true,
            "spot_instance_request_id": "",
            "subnet_id": "subnet-062c62c7e90be6d41",
            "tags": {
              "App": "core-banking",
              "Name": "core-banking-server-1"
            },
            "tags_all": {
              "App": "core-banking",
              "Name": "core-banking-server-1"
            },
            "tenancy": "default",
            "timeouts": null,
            "user_data": null,
            "user_data_base64": null,
            "user_data_replace_on_change": false,
            "volume_tags": null,
            "vpc_security_group_ids": [
              "sg-01d0a3a607f8e51b8"
            ]
          },
          "sensitive_attributes": [],
          "private": "eyJlMmJmYjczMC1lY2FhLTExZTYtOGY4OC0zNDM2M2JjN2M0YzAiOnsiY3JlYXRlIjo2MDAwMDAwMDAwMDAsImRlbGV0ZSI6MTIwMDAwMDAwMDAwMCwicmVhZCI6OTAwMDAwMDAwMDAwLCJ1cGRhdGUiOjYwMDAwMDAwMDAwMH0sInNjaGVtYV92ZXJzaW9uIjoiMSJ9",
          "dependencies": [
            "aws_key_pair.main",
            "aws_security_group.alb",
            "aws_security_group.app",
            "aws_subnet.private",
            "aws_vpc.main",
            "data.aws_availability_zones.available",
            "data.http.myip",
            "tls_private_key.main"
          ]
        },
        {
          "index_key": 1,
          "schema_version": 1,
          "attributes": {
            "ami": "ami-04b4f1a9cf54c11d0",
            "arn": "arn:aws:ec2:us-east-1:767398052348:instance/i-0ec71b043adc63d17",
            "associate_public_ip_address": true,
            "availability_zone": "us-east-1b",
            "capacity_reservation_specification": [
              {
                "capacity_reservation_preference": "open",
                "capacity_reservation_target": []
              }
            ],
            "cpu_core_count": 1,
            "cpu_options": [
              {
                "amd_sev_snp": "",
                "core_count": 1,
                "threads_per_core": 1
              }
            ],
            "cpu_threads_per_core": 1,
            "credit_specification": [
              {
                "cpu_credits": "standard"
              }
            ],
            "disable_api_stop": false,
            "disable_api_termination": false,
            "ebs_block_device": [],
            "ebs_optimized": false,
            "enable_primary_ipv6": null,
            "enclave_options": [
              {
                "enabled": false
              }
            ],
            "ephemeral_block_device": [],
            "get_password_data": false,
            "hibernation": false,
            "host_id": "",
            "host_resource_group_arn": null,
            "iam_instance_profile": "",
            "id": "i-0ec71b043adc63d17",
            "instance_initiated_shutdown_behavior": "stop",
            "instance_lifecycle": "",
            "instance_market_options": [],
            "instance_state": "running",
            "instance_type": "t2.micro",
            "ipv6_address_count": 0,
            "ipv6_addresses": [],
            "key_name": "core-banking-key",
            "launch_template": [],
            "maintenance_options": [
              {
                "auto_recovery": "default"
              }
            ],
            "metadata_options": [
              {
                "http_endpoint": "enabled",
                "http_protocol_ipv6": "disabled",
                "http_put_response_hop_limit": 2,
                "http_tokens": "required",
                "instance_metadata_tags": "disabled"
              }
            ],
            "monitoring": false,
            "network_interface": [],
            "outpost_arn": "",
            "password_data": "",
            "placement_group": "",
            "placement_partition_number": 0,
            "primary_network_interface_id": "eni-069eb2aad898c0b38",
            "private_dns": "ip-10-0-2-109.ec2.internal",
            "private_dns_name_options": [
              {
                "enable_resource_name_dns_a_record": false,
                "enable_resource_name_dns_aaaa_record": false,
                "hostname_type": "ip-name"
              }
            ],
            "private_ip": "10.0.2.109",
            "public_dns": "ec2-52-87-205-139.compute-1.amazonaws.com",
            "public_ip": "52.87.205.139",
            "root_block_device": [
              {
                "delete_on_termination": true,
                "device_name": "/dev/sda1",
                "encrypted": false,
                "iops": 3000,
                "kms_key_id": "",
                "tags": {},
                "tags_all": {},
                "throughput": 125,
                "volume_id": "vol-09ab2a36826e93bb1",
                "volume_size": 8,
                "volume_type": "gp3"
              }
            ],
            "secondary_private_ips": [],
            "security_groups": [],
            "source_dest_check": true,
            "spot_instance_request_id": "",
            "subnet_id": "subnet-0ef2f4b2a666924a1",
            "tags": {
              "App": "core-banking",
              "Name": "core-banking-server-2"
            },
            "tags_all": {
              "App": "core-banking",
              "Name": "core-banking-server-2"
            },
            "tenancy": "default",
            "timeouts": null,
            "user_data": null,
            "user_data_base64": null,
            "user_data_replace_on_change": false,
            "volume_tags": null,
            "vpc_security_group_ids": [
              "sg-01d0a3a607f8e51b8"
            ]
          },
          "sensitive_attributes": [],
          "private": "eyJlMmJmYjczMC1lY2FhLTExZTYtOGY4OC0zNDM2M2JjN2M0YzAiOnsiY3JlYXRlIjo2MDAwMDAwMDAwMDAsImRlbGV0ZSI6MTIwMDAwMDAwMDAwMCwicmVhZCI6OTAwMDAwMDAwMDAwLCJ1cGRhdGUiOjYwMDAwMDAwMDAwMH0sInNjaGVtYV92ZXJzaW9uIjoiMSJ9",
          "dependencies": [
            "aws_key_pair.main",
            "aws_security_group.alb",
            "aws_security_group.app",
            "aws_subnet.private",
            "aws_vpc.main",
            "data.aws_availability_zones.available",
            "data.http.myip",
            "tls_private_key.main"
          ]
        },
        {
          "index_key": 2,
          "schema_version": 1,
          "attributes": {
            "ami": "ami-04b4f1a9cf54c11d0",
            "arn": "arn:aws:ec2:us-east-1:767398052348:instance/i-0b0431195d9830729",
            "associate_public_ip_address": true,
            "availability_zone": "us-east-1c",
            "capacity_reservation_specification": [
              {
                "capacity_reservation_preference": "open",
                "capacity_reservation_target": []
              }
            ],
            "cpu_core_count": 1,
            "cpu_options": [
              {
                "amd_sev_snp": "",
                "core_count": 1,
                "threads_per_core": 1
              }
            ],
            "cpu_threads_per_core": 1,
            "credit_specification": [
              {
                "cpu_credits": "standard"
              }
            ],
            "disable_api_stop": false,
            "disable_api_termination": false,
            "ebs_block_device": [],
            "ebs_optimized": false,
            "enable_primary_ipv6": null,
            "enclave_options": [
              {
                "enabled": false
              }
            ],
            "ephemeral_block_device": [],
            "get_password_data": false,
            "hibernation": false,
            "host_id": "",
            "host_resource_group_arn": null,
            "iam_instance_profile": "",
            "id": "i-0b0431195d9830729",
            "instance_initiated_shutdown_behavior": "stop",
            "instance_lifecycle": "",
            "instance_market_options": [],
            "instance_state": "running",
            "instance_type": "t2.micro",
            "ipv6_address_count": 0,
            "ipv6_addresses": [],
            "key_name": "core-banking-key",
            "launch_template": [],
            "maintenance_options": [
              {
                "auto_recovery": "default"
              }
            ],
            "metadata_options": [
              {
                "http_endpoint": "enabled",
                "http_protocol_ipv6": "disabled",
                "http_put_response_hop_limit": 2,
                "http_tokens": "required",
                "instance_metadata_tags": "disabled"
              }
            ],
            "monitoring": false,
            "network_interface": [],
            "outpost_arn": "",
            "password_data": "",
            "placement_group": "",
            "placement_partition_number": 0,
            "primary_network_interface_id": "eni-06835ac2e62af46ac",
            "private_dns": "ip-10-0-3-147.ec2.internal",
            "private_dns_name_options": [
              {
                "enable_resource_name_dns_a_record": false,
                "enable_resource_name_dns_aaaa_record": false,
                "hostname_type": "ip-name"
              }
            ],
            "private_ip": "10.0.3.147",
            "public_dns": "ec2-3-80-94-102.compute-1.amazonaws.com",
            "public_ip": "3.80.94.102",
            "root_block_device": [
              {
                "delete_on_termination": true,
                "device_name": "/dev/sda1",
                "encrypted": false,
                "iops": 3000,
                "kms_key_id": "",
                "tags": {},
                "tags_all": {},
                "throughput": 125,
                "volume_id": "vol-06103674281967921",
                "volume_size": 8,
                "volume_type": "gp3"
              }
            ],
            "secondary_private_ips": [],
            "security_groups": [],
            "source_dest_check": true,
            "spot_instance_request_id": "",
            "subnet_id": "subnet-08c94dd7b8d7b3d27",
            "tags": {
              "App": "core-banking",
              "Name": "core-banking-server-3"
            },
            "tags_all": {
              "App": "core-banking",
              "Name": "core-banking-server-3"
            },
            "tenancy": "default",
            "timeouts": null,
            "user_data": null,
            "user_data_base64": null,
            "user_data_replace_on_change": false,
            "volume_tags": null,
            "vpc_security_group_ids": [
              "sg-01d0a3a607f8e51b8"
            ]
          },
          "sensitive_attributes": [],
          "private": "eyJlMmJmYjczMC1lY2FhLTExZTYtOGY4OC0zNDM2M2JjN2M0YzAiOnsiY3JlYXRlIjo2MDAwMDAwMDAwMDAsImRlbGV0ZSI6MTIwMDAwMDAwMDAwMCwicmVhZCI6OTAwMDAwMDAwMDAwLCJ1cGRhdGUiOjYwMDAwMDAwMDAwMH0sInNjaGVtYV92ZXJzaW9uIjoiMSJ9",
          "dependencies": [
            "aws_key_pair.main",
            "aws_security_group.alb",
            "aws_security_group.app",
            "aws_subnet.private",
            "aws_vpc.main",
            "data.aws_availability_zones.available",
            "data.http.myip",
            "tls_private_key.main"
          ]
        },
        {
          "index_key": 3,
          "schema_version": 1,
          "attributes": {
            "ami": "ami-04b4f1a9cf54c11d0",
            "arn": "arn:aws:ec2:us-east-1:767398052348:instance/i-058e4ace65e754be5",
            "associate_public_ip_address": true,
            "availability_zone": "us-east-1a",
            "capacity_reservation_specification": [
              {
                "capacity_reservation_preference": "open",
                "capacity_reservation_target": []
              }
            ],
            "cpu_core_count": 1,
            "cpu_options": [
              {
                "amd_sev_snp": "",
                "core_count": 1,
                "threads_per_core": 1
              }
            ],
            "cpu_threads_per_core": 1,
            "credit_specification": [
              {
                "cpu_credits": "standard"
              }
            ],
            "disable_api_stop": false,
            "disable_api_termination": false,
            "ebs_block_device": [],
            "ebs_optimized": false,
            "enable_primary_ipv6": null,
            "enclave_options": [
              {
                "enabled": false
              }
            ],
            "ephemeral_block_device": [],
            "get_password_data": false,
            "hibernation": false,
            "host_id": "",
            "host_resource_group_arn": null,
            "iam_instance_profile": "",
            "id": "i-058e4ace65e754be5",
            "instance_initiated_shutdown_behavior": "stop",
            "instance_lifecycle": "",
            "instance_market_options": [],
            "instance_state": "running",
            "instance_type": "t2.micro",
            "ipv6_address_count": 0,
            "ipv6_addresses": [],
            "key_name": "core-banking-key",
            "launch_template": [],
            "maintenance_options": [
              {
                "auto_recovery": "default"
              }
            ],
            "metadata_options": [
              {
                "http_endpoint": "enabled",
                "http_protocol_ipv6": "disabled",
                "http_put_response_hop_limit": 2,
                "http_tokens": "required",
                "instance_metadata_tags": "disabled"
              }
            ],
            "monitoring": false,
            "network_interface": [],
            "outpost_arn": "",
            "password_data": "",
            "placement_group": "",
            "placement_partition_number": 0,
            "primary_network_interface_id": "eni-0714b9d776d120077",
            "private_dns": "ip-10-0-1-203.ec2.internal",
            "private_dns_name_options": [
              {
                "enable_resource_name_dns_a_record": false,
                "enable_resource_name_dns_aaaa_record": false,
                "hostname_type": "ip-name"
              }
            ],
            "private_ip": "10.0.1.203",
            "public_dns": "ec2-3-228-13-145.compute-1.amazonaws.com",
            "public_ip": "3.228.13.145",
            "root_block_device": [
              {
                "delete_on_termination": true,
                "device_name": "/dev/sda1",
                "encrypted": false,
                "iops": 3000,
                "kms_key_id": "",
                "tags": {},
                "tags_all": {},
                "throughput": 125,
                "volume_id": "vol-08c428380bf15258a",
                "volume_size": 8,
                "volume_type": "gp3"
              }
            ],
            "secondary_private_ips": [],
            "security_groups": [],
            "source_dest_check": true,
            "spot_instance_request_id": "",
            "subnet_id": "subnet-062c62c7e90be6d41",
            "tags": {
              "App": "core-banking",
              "Name": "core-banking-server-4"
            },
            "tags_all": {
              "App": "core-banking",
              "Name": "core-banking-server-4"
            },
            "tenancy": "default",
            "timeouts": null,
            "user_data": null,
            "user_data_base64": null,
            "user_data_replace_on_change": false,
            "volume_tags": null,
            "vpc_security_group_ids": [
              "sg-01d0a3a607f8e51b8"
            ]
          },
          "sensitive_attributes": [],
          "private": "eyJlMmJmYjczMC1lY2FhLTExZTYtOGY4OC0zNDM2M2JjN2M0YzAiOnsiY3JlYXRlIjo2MDAwMDAwMDAwMDAsImRlbGV0ZSI6MTIwMDAwMDAwMDAwMCwicmVhZCI6OTAwMDAwMDAwMDAwLCJ1cGRhdGUiOjYwMDAwMDAwMDAwMH0sInNjaGVtYV92ZXJzaW9uIjoiMSJ9",
          "dependencies": [
            "aws_key_pair.main",
            "aws_security_group.alb",
            "aws_security_group.app",
            "aws_subnet.private",
            "aws_vpc.main",
            "data.aws_availability_zones.available",
            "data.http.myip",
            "tls_private_key.main"
          ]
        },
        {
          "index_key": 4,
          "schema_version": 1,
          "attributes": {
            "ami": "ami-04b4f1a9cf54c11d0",
            "arn": "arn:aws:ec2:us-east-1:767398052348:instance/i-0b845ba22933c2d0e",
            "associate_public_ip_address": true,
            "availability_zone": "us-east-1b",
            "capacity_reservation_specification": [
              {
                "capacity_reservation_preference": "open",
                "capacity_reservation_target": []
              }
            ],
            "cpu_core_count": 1,
            "cpu_options": [
              {
                "amd_sev_snp": "",
                "core_count": 1,
                "threads_per_core": 1
              }
            ],
            "cpu_threads_per_core": 1,
            "credit_specification": [
              {
                "cpu_credits": "standard"
              }
            ],
            "disable_api_stop": false,
            "disable_api_termination": false,
            "ebs_block_device": [],
            "ebs_optimized": false,
            "enable_primary_ipv6": null,
            "enclave_options": [
              {
                "enabled": false
              }
            ],
            "ephemeral_block_device": [],
            "get_password_data": false,
            "hibernation": false,
            "host_id": "",
            "host_resource_group_arn": null,
            "iam_instance_profile": "",
            "id": "i-0b845ba22933c2d0e",
            "instance_initiated_shutdown_behavior": "stop",
            "instance_lifecycle": "",
            "instance_market_options": [],
            "instance_state": "running",
            "instance_type": "t2.micro",
            "ipv6_address_count": 0,
            "ipv6_addresses": [],
            "key_name": "core-banking-key",
            "launch_template": [],
            "maintenance_options": [
              {
                "auto_recovery": "default"
              }
            ],
            "metadata_options": [
              {
                "http_endpoint": "enabled",
                "http_protocol_ipv6": "disabled",
                "http_put_response_hop_limit": 2,
                "http_tokens": "required",
                "instance_metadata_tags": "disabled"
              }
            ],
            "monitoring": false,
            "network_interface": [],
            "outpost_arn": "",
            "password_data": "",
            "placement_group": "",
            "placement_partition_number": 0,
            "primary_network_interface_id": "eni-0bfb0d2c0b4410359",
            "private_dns": "ip-10-0-2-113.ec2.internal",
            "private_dns_name_options": [
              {
                "enable_resource_name_dns_a_record": false,
                "enable_resource_name_dns_aaaa_record": false,
                "hostname_type": "ip-name"
              }
            ],
            "private_ip": "10.0.2.113",
            "public_dns": "ec2-54-144-224-189.compute-1.amazonaws.com",
            "public_ip": "54.144.224.189",
            "root_block_device": [
              {
                "delete_on_termination": true,
                "device_name": "/dev/sda1",
                "encrypted": false,
                "iops": 3000,
                "kms_key_id": "",
                "tags": {},
                "tags_all": {},
                "throughput": 125,
                "volume_id": "vol-0156bd6f1e9985732",
                "volume_size": 8,
                "volume_type": "gp3"
              }
            ],
            "secondary_private_ips": [],
            "security_groups": [],
            "source_dest_check": true,
            "spot_instance_request_id": "",
            "subnet_id": "subnet-0ef2f4b2a666924a1",
            "tags": {
              "App": "core-banking",
              "Name": "core-banking-server-5"
            },
            "tags_all": {
              "App": "core-banking",
              "Name": "core-banking-server-5"
            },
            "tenancy": "default",
            "timeouts": null,
            "user_data": null,
            "user_data_base64": null,
            "user_data_replace_on_change": false,
            "volume_tags": null,
            "vpc_security_group_ids": [
              "sg-01d0a3a607f8e51b8"
            ]
          },
          "sensitive_attributes": [],
          "private": "eyJlMmJmYjczMC1lY2FhLTExZTYtOGY4OC0zNDM2M2JjN2M0YzAiOnsiY3JlYXRlIjo2MDAwMDAwMDAwMDAsImRlbGV0ZSI6MTIwMDAwMDAwMDAwMCwicmVhZCI6OTAwMDAwMDAwMDAwLCJ1cGRhdGUiOjYwMDAwMDAwMDAwMH0sInNjaGVtYV92ZXJzaW9uIjoiMSJ9",
          "dependencies": [
            "aws_key_pair.main",
            "aws_security_group.alb",
            "aws_security_group.app",
            "aws_subnet.private",
            "aws_vpc.main",
            "data.aws_availability_zones.available",
            "data.http.myip",
            "tls_private_key.main"
          ]
        }
      ]
    },
    {
      "mode": "managed",
      "type": "aws_internet_gateway",
      "name": "gw",
      "provider": "provider[\"registry.terraform.io/hashicorp/aws\"]",
      "instances": [
        {
          "schema_version": 0,
          "attributes": {
            "arn": "arn:aws:ec2:us-east-1:767398052348:internet-gateway/igw-0f4134a2fa2e7a66a",
            "id": "igw-0f4134a2fa2e7a66a",
            "owner_id": "767398052348",
            "tags": {},
            "tags_all": {},
            "timeouts": null,
            "vpc_id": "vpc-0bc58d4c646ae4d4c"
          },
          "sensitive_attributes": [],
          "private": "eyJlMmJmYjczMC1lY2FhLTExZTYtOGY4OC0zNDM2M2JjN2M0YzAiOnsiY3JlYXRlIjoxMjAwMDAwMDAwMDAwLCJkZWxldGUiOjEyMDAwMDAwMDAwMDAsInVwZGF0ZSI6MTIwMDAwMDAwMDAwMH19",
          "dependencies": [
            "aws_vpc.main"
          ]
        }
      ]
    },
    {
      "mode": "managed",
      "type": "aws_key_pair",
      "name": "main",
      "provider": "provider[\"registry.terraform.io/hashicorp/aws\"]",
      "instances": [
        {
          "schema_version": 1,
          "attributes": {
            "arn": "arn:aws:ec2:us-east-1:767398052348:key-pair/core-banking-key",
            "fingerprint": "05:46:5d:4e:b9:da:3c:ac:c5:c6:78:2b:ef:43:db:2f",
            "id": "core-banking-key",
            "key_name": "core-banking-key",
            "key_name_prefix": "",
            "key_pair_id": "key-0dd8dd2179390c193",
            "key_type": "rsa",
            "public_key": "ssh-rsa AAAAB3NzaC1yc2EAAAADAQABAAACAQCypiqlnHm/zi8W6Tb4i16cVtCiJ81ATJqIyjwQRqWosr7GNCt46XXdS39vjyFcxGIeXj9kUKRik49ZxaHK/Bdu8aWJ4U/+7QRCgMtuxMPjd6AtWrTKtZZObA02iEeYT/WtPupv4ZOVJRp4isfEBckHzpy95QzmwmoVFt31cmKWqRgs0C5D08kkhHqYRLyPd1Z8IkqfrpTiWqQrVGa1zAbePqg8/2FruG4DV3p3jBEUBxDkXPOB88s/6H6Gz/sv64HLACRrmzcPyL7ds8VCFNOyQbuL0MTdPHoJ+VN9OlYySqFSFiqh3cpRmQOM2fx50k3n2BHA8pengEtsijpeIxgycGdFBTIq5cYYMOfy19W5CIUl9+M+WKeo28ZU+nSRb4CgiAMzLDl7LiWmtQw7OZVGRrFJIY5SuWUs5cgVJs6kIbKgmcJbL7GvksHXGI0f7vn2q6Z/yr+Cx7NEIJ1NyVc9jvq16i5NC+/OA7g948Q5Uh42BLCZQyGnbLei++JgoQdG8rnlgdNP6zW9IUy3rMSsCjq8MWMUYZfirRqJGhvRpa7E4NiKsaBr4h/iTQ5zb4G/Rj5qnm3pYpCSeBCNNRBeo0r8pIZ1+L4BkTGXHno5e7Y5dZvnWvl4i7NnNSzZUR8mbLhZUyR7MHpGPeqc3Sq8+D1kOQk4QvYzyq/0Epv+NQ==",
            "tags": {},
            "tags_all": {}
          },
          "sensitive_attributes": [],
          "private": "eyJzY2hlbWFfdmVyc2lvbiI6IjEifQ==",
          "dependencies": [
            "tls_private_key.main"
          ]
        }
      ]
    },
    {
      "mode": "managed",
      "type": "aws_lb",
      "name": "app",
      "provider": "provider[\"registry.terraform.io/hashicorp/aws\"]",
      "instances": [
        {
          "schema_version": 0,
          "attributes": {
            "access_logs": [
              {
                "bucket": "",
                "enabled": false,
                "prefix": ""
              }
            ],
            "arn": "arn:aws:elasticloadbalancing:us-east-1:767398052348:loadbalancer/app/core-banking-alb/d9f79b4fadbe2397",
            "arn_suffix": "app/core-banking-alb/d9f79b4fadbe2397",
            "client_keep_alive": 3600,
            "connection_logs": [
              {
                "bucket": "",
                "enabled": false,
                "prefix": ""
              }
            ],
            "customer_owned_ipv4_pool": "",
            "desync_mitigation_mode": "defensive",
            "dns_name": "core-banking-alb-1909977938.us-east-1.elb.amazonaws.com",
            "dns_record_client_routing_policy": null,
            "drop_invalid_header_fields": false,
            "enable_cross_zone_load_balancing": true,
            "enable_deletion_protection": false,
            "enable_http2": true,
            "enable_tls_version_and_cipher_suite_headers": false,
            "enable_waf_fail_open": false,
            "enable_xff_client_port": false,
            "enable_zonal_shift": false,
            "enforce_security_group_inbound_rules_on_private_link_traffic": "",
            "id": "arn:aws:elasticloadbalancing:us-east-1:767398052348:loadbalancer/app/core-banking-alb/d9f79b4fadbe2397",
            "idle_timeout": 60,
            "internal": false,
            "ip_address_type": "ipv4",
            "load_balancer_type": "application",
            "name": "core-banking-alb",
            "name_prefix": "",
            "preserve_host_header": false,
            "security_groups": [
              "sg-09a72ec3aa9bfd022"
            ],
            "subnet_mapping": [
              {
                "allocation_id": "",
                "ipv6_address": "",
                "outpost_id": "",
                "private_ipv4_address": "",
                "subnet_id": "subnet-033b702b1601336b7"
              },
              {
                "allocation_id": "",
                "ipv6_address": "",
                "outpost_id": "",
                "private_ipv4_address": "",
                "subnet_id": "subnet-0a333eac93560bc75"
              },
              {
                "allocation_id": "",
                "ipv6_address": "",
                "outpost_id": "",
                "private_ipv4_address": "",
                "subnet_id": "subnet-0c3ef5690197b14c5"
              }
            ],
            "subnets": [
              "subnet-033b702b1601336b7",
              "subnet-0a333eac93560bc75",
              "subnet-0c3ef5690197b14c5"
            ],
            "tags": {},
            "tags_all": {},
            "timeouts": null,
            "vpc_id": "vpc-0bc58d4c646ae4d4c",
            "xff_header_processing_mode": "append",
            "zone_id": "Z35SXDOTRQ7X7K"
          },
          "sensitive_attributes": [],
          "private": "eyJlMmJmYjczMC1lY2FhLTExZTYtOGY4OC0zNDM2M2JjN2M0YzAiOnsiY3JlYXRlIjo2MDAwMDAwMDAwMDAsImRlbGV0ZSI6NjAwMDAwMDAwMDAwLCJ1cGRhdGUiOjYwMDAwMDAwMDAwMH19",
          "dependencies": [
            "aws_security_group.alb",
            "aws_subnet.public",
            "aws_vpc.main",
            "data.aws_availability_zones.available"
          ]
        }
      ]
    },
    {
      "mode": "managed",
      "type": "aws_lb_listener",
      "name": "front_end",
      "provider": "provider[\"registry.terraform.io/hashicorp/aws\"]",
      "instances": [
        {
          "schema_version": 0,
          "attributes": {
            "alpn_policy": null,
            "arn": "arn:aws:elasticloadbalancing:us-east-1:767398052348:listener/app/core-banking-alb/d9f79b4fadbe2397/7eb1b9c64a67b039",
            "certificate_arn": null,
            "default_action": [
              {
                "authenticate_cognito": [],
                "authenticate_oidc": [],
                "fixed_response": [],
                "forward": [],
                "order": 1,
                "redirect": [],
                "target_group_arn": "arn:aws:elasticloadbalancing:us-east-1:767398052348:targetgroup/core-banking-tg/3984360f3167f6a8",
                "type": "forward"
              }
            ],
            "id": "arn:aws:elasticloadbalancing:us-east-1:767398052348:listener/app/core-banking-alb/d9f79b4fadbe2397/7eb1b9c64a67b039",
            "load_balancer_arn": "arn:aws:elasticloadbalancing:us-east-1:767398052348:loadbalancer/app/core-banking-alb/d9f79b4fadbe2397",
            "mutual_authentication": [],
            "port": 80,
            "protocol": "HTTP",
            "routing_http_request_x_amzn_mtls_clientcert_header_name": null,
            "routing_http_request_x_amzn_mtls_clientcert_issuer_header_name": null,
            "routing_http_request_x_amzn_mtls_clientcert_leaf_header_name": null,
            "routing_http_request_x_amzn_mtls_clientcert_serial_number_header_name": null,
            "routing_http_request_x_amzn_mtls_clientcert_subject_header_name": null,
            "routing_http_request_x_amzn_mtls_clientcert_validity_header_name": null,
            "routing_http_request_x_amzn_tls_cipher_suite_header_name": null,
            "routing_http_request_x_amzn_tls_version_header_name": null,
            "routing_http_response_access_control_allow_credentials_header_value": "",
            "routing_http_response_access_control_allow_headers_header_value": "",
            "routing_http_response_access_control_allow_methods_header_value": "",
            "routing_http_response_access_control_allow_origin_header_value": "",
            "routing_http_response_access_control_expose_headers_header_value": "",
            "routing_http_response_access_control_max_age_header_value": "",
            "routing_http_response_content_security_policy_header_value": "",
            "routing_http_response_server_enabled": false,
            "routing_http_response_strict_transport_security_header_value": "",
            "routing_http_response_x_content_type_options_header_value": "",
            "routing_http_response_x_frame_options_header_value": "",
            "ssl_policy": "",
            "tags": {},
            "tags_all": {},
            "tcp_idle_timeout_seconds": null,
            "timeouts": null
          },
          "sensitive_attributes": [],
          "private": "eyJlMmJmYjczMC1lY2FhLTExZTYtOGY4OC0zNDM2M2JjN2M0YzAiOnsiY3JlYXRlIjozMDAwMDAwMDAwMDAsInVwZGF0ZSI6MzAwMDAwMDAwMDAwfX0=",
          "dependencies": [
            "aws_lb.app",
            "aws_lb_target_group.app",
            "aws_security_group.alb",
            "aws_subnet.public",
            "aws_vpc.main",
            "data.aws_availability_zones.available"
          ]
        }
      ]
    },
    {
      "mode": "managed",
      "type": "aws_lb_target_group",
      "name": "app",
      "provider": "provider[\"registry.terraform.io/hashicorp/aws\"]",
      "instances": [
        {
          "schema_version": 0,
          "attributes": {
            "arn": "arn:aws:elasticloadbalancing:us-east-1:767398052348:targetgroup/core-banking-tg/3984360f3167f6a8",
            "arn_suffix": "targetgroup/core-banking-tg/3984360f3167f6a8",
            "connection_termination": null,
            "deregistration_delay": "300",
            "health_check": [
              {
                "enabled": true,
                "healthy_threshold": 2,
                "interval": 30,
                "matcher": "200",
                "path": "/health",
                "port": "traffic-port",
                "protocol": "HTTP",
                "timeout": 5,
                "unhealthy_threshold": 2
              }
            ],
            "id": "arn:aws:elasticloadbalancing:us-east-1:767398052348:targetgroup/core-banking-tg/3984360f3167f6a8",
            "ip_address_type": "ipv4",
            "lambda_multi_value_headers_enabled": false,
            "load_balancer_arns": [
              "arn:aws:elasticloadbalancing:us-east-1:767398052348:loadbalancer/app/core-banking-alb/d9f79b4fadbe2397"
            ],
            "load_balancing_algorithm_type": "round_robin",
            "load_balancing_anomaly_mitigation": "off",
            "load_balancing_cross_zone_enabled": "use_load_balancer_configuration",
            "name": "core-banking-tg",
            "name_prefix": "",
            "port": 80,
            "preserve_client_ip": null,
            "protocol": "HTTP",
            "protocol_version": "HTTP1",
            "proxy_protocol_v2": false,
            "slow_start": 0,
            "stickiness": [
              {
                "cookie_duration": 86400,
                "cookie_name": "",
                "enabled": false,
                "type": "lb_cookie"
              }
            ],
            "tags": {},
            "tags_all": {},
            "target_failover": [
              {
                "on_deregistration": null,
                "on_unhealthy": null
              }
            ],
            "target_group_health": [
              {
                "dns_failover": [
                  {
                    "minimum_healthy_targets_count": "1",
                    "minimum_healthy_targets_percentage": "off"
                  }
                ],
                "unhealthy_state_routing": [
                  {
                    "minimum_healthy_targets_count": 1,
                    "minimum_healthy_targets_percentage": "off"
                  }
                ]
              }
            ],
            "target_health_state": [
              {
                "enable_unhealthy_connection_termination": null,
                "unhealthy_draining_interval": null
              }
            ],
            "target_type": "instance",
            "vpc_id": "vpc-0bc58d4c646ae4d4c"
          },
          "sensitive_attributes": [],
          "private": "bnVsbA==",
          "dependencies": [
            "aws_vpc.main"
          ]
        }
      ]
    },
    {
      "mode": "managed",
      "type": "aws_lb_target_group_attachment",
      "name": "app",
      "provider": "provider[\"registry.terraform.io/hashicorp/aws\"]",
      "instances": [
        {
          "index_key": 0,
          "schema_version": 0,
          "attributes": {
            "availability_zone": null,
            "id": "arn:aws:elasticloadbalancing:us-east-1:767398052348:targetgroup/core-banking-tg/3984360f3167f6a8-20250204150022601600000008",
            "port": 80,
            "target_group_arn": "arn:aws:elasticloadbalancing:us-east-1:767398052348:targetgroup/core-banking-tg/3984360f3167f6a8",
            "target_id": "i-0d9886beaae1721a8"
          },
          "sensitive_attributes": [],
          "private": "bnVsbA==",
          "dependencies": [
            "aws_instance.app",
            "aws_key_pair.main",
            "aws_lb_target_group.app",
            "aws_security_group.alb",
            "aws_security_group.app",
            "aws_subnet.private",
            "aws_vpc.main",
            "data.aws_availability_zones.available",
            "data.http.myip",
            "tls_private_key.main"
          ]
        },
        {
          "index_key": 1,
          "schema_version": 0,
          "attributes": {
            "availability_zone": null,
            "id": "arn:aws:elasticloadbalancing:us-east-1:767398052348:targetgroup/core-banking-tg/3984360f3167f6a8-20250204150023122700000009",
            "port": 80,
            "target_group_arn": "arn:aws:elasticloadbalancing:us-east-1:767398052348:targetgroup/core-banking-tg/3984360f3167f6a8",
            "target_id": "i-0ec71b043adc63d17"
          },
          "sensitive_attributes": [],
          "private": "bnVsbA==",
          "dependencies": [
            "aws_instance.app",
            "aws_key_pair.main",
            "aws_lb_target_group.app",
            "aws_security_group.alb",
            "aws_security_group.app",
            "aws_subnet.private",
            "aws_vpc.main",
            "data.aws_availability_zones.available",
            "data.http.myip",
            "tls_private_key.main"
          ]
        },
        {
          "index_key": 2,
          "schema_version": 0,
          "attributes": {
            "availability_zone": null,
            "id": "arn:aws:elasticloadbalancing:us-east-1:767398052348:targetgroup/core-banking-tg/3984360f3167f6a8-2025020415002312520000000b",
            "port": 80,
            "target_group_arn": "arn:aws:elasticloadbalancing:us-east-1:767398052348:targetgroup/core-banking-tg/3984360f3167f6a8",
            "target_id": "i-0b0431195d9830729"
          },
          "sensitive_attributes": [],
          "private": "bnVsbA==",
          "dependencies": [
            "aws_instance.app",
            "aws_key_pair.main",
            "aws_lb_target_group.app",
            "aws_security_group.alb",
            "aws_security_group.app",
            "aws_subnet.private",
            "aws_vpc.main",
            "data.aws_availability_zones.available",
            "data.http.myip",
            "tls_private_key.main"
          ]
        },
        {
          "index_key": 3,
          "schema_version": 0,
          "attributes": {
            "availability_zone": null,
            "id": "arn:aws:elasticloadbalancing:us-east-1:767398052348:targetgroup/core-banking-tg/3984360f3167f6a8-20250204150022162400000007",
            "port": 80,
            "target_group_arn": "arn:aws:elasticloadbalancing:us-east-1:767398052348:targetgroup/core-banking-tg/3984360f3167f6a8",
            "target_id": "i-058e4ace65e754be5"
          },
          "sensitive_attributes": [],
          "private": "bnVsbA==",
          "dependencies": [
            "aws_instance.app",
            "aws_key_pair.main",
            "aws_lb_target_group.app",
            "aws_security_group.alb",
            "aws_security_group.app",
            "aws_subnet.private",
            "aws_vpc.main",
            "data.aws_availability_zones.available",
            "data.http.myip",
            "tls_private_key.main"
          ]
        },
        {
          "index_key": 4,
          "schema_version": 0,
          "attributes": {
            "availability_zone": null,
            "id": "arn:aws:elasticloadbalancing:us-east-1:767398052348:targetgroup/core-banking-tg/3984360f3167f6a8-2025020415002312350000000a",
            "port": 80,
            "target_group_arn": "arn:aws:elasticloadbalancing:us-east-1:767398052348:targetgroup/core-banking-tg/3984360f3167f6a8",
            "target_id": "i-0b845ba22933c2d0e"
          },
          "sensitive_attributes": [],
          "private": "bnVsbA==",
          "dependencies": [
            "aws_instance.app",
            "aws_key_pair.main",
            "aws_lb_target_group.app",
            "aws_security_group.alb",
            "aws_security_group.app",
            "aws_subnet.private",
            "aws_vpc.main",
            "data.aws_availability_zones.available",
            "data.http.myip",
            "tls_private_key.main"
          ]
        }
      ]
    },
    {
      "mode": "managed",
      "type": "aws_route",
      "name": "internet_access",
      "provider": "provider[\"registry.terraform.io/hashicorp/aws\"]",
      "instances": [
        {
          "schema_version": 0,
          "attributes": {
            "carrier_gateway_id": "",
            "core_network_arn": "",
            "destination_cidr_block": "0.0.0.0/0",
            "destination_ipv6_cidr_block": "",
            "destination_prefix_list_id": "",
            "egress_only_gateway_id": "",
            "gateway_id": "igw-0f4134a2fa2e7a66a",
            "id": "r-rtb-0091d7226bb1f63cf1080289494",
            "instance_id": "",
            "instance_owner_id": "",
            "local_gateway_id": "",
            "nat_gateway_id": "",
            "network_interface_id": "",
            "origin": "CreateRoute",
            "route_table_id": "rtb-0091d7226bb1f63cf",
            "state": "active",
            "timeouts": null,
            "transit_gateway_id": "",
            "vpc_endpoint_id": "",
            "vpc_peering_connection_id": ""
          },
          "sensitive_attributes": [],
          "private": "eyJlMmJmYjczMC1lY2FhLTExZTYtOGY4OC0zNDM2M2JjN2M0YzAiOnsiY3JlYXRlIjozMDAwMDAwMDAwMDAsImRlbGV0ZSI6MzAwMDAwMDAwMDAwLCJ1cGRhdGUiOjEyMDAwMDAwMDAwMH19",
          "dependencies": [
            "aws_internet_gateway.gw",
            "aws_vpc.main"
          ]
        }
      ]
    },
    {
      "mode": "managed",
      "type": "aws_route53_record",
      "name": "www",
      "provider": "provider[\"registry.terraform.io/hashicorp/aws\"]",
      "instances": [
        {
          "schema_version": 2,
          "attributes": {
            "alias": [
              {
                "evaluate_target_health": true,
                "name": "core-banking-alb-1909977938.us-east-1.elb.amazonaws.com",
                "zone_id": "Z35SXDOTRQ7X7K"
              }
            ],
            "allow_overwrite": null,
            "cidr_routing_policy": [],
            "failover_routing_policy": [],
            "fqdn": "www.corebank.com",
            "geolocation_routing_policy": [],
            "geoproximity_routing_policy": [],
            "health_check_id": "",
            "id": "Z04504913PQT0DFEGDSOD_www.corebank.com_A",
            "latency_routing_policy": [],
            "multivalue_answer_routing_policy": false,
            "name": "www.corebank.com",
            "records": [],
            "set_identifier": "",
            "ttl": 0,
            "type": "A",
            "weighted_routing_policy": [],
            "zone_id": "Z04504913PQT0DFEGDSOD"
          },
          "sensitive_attributes": [],
          "private": "eyJzY2hlbWFfdmVyc2lvbiI6IjIifQ==",
          "dependencies": [
            "aws_lb.app",
            "aws_route53_zone.main",
            "aws_security_group.alb",
            "aws_subnet.public",
            "aws_vpc.main",
            "data.aws_availability_zones.available"
          ]
        }
      ]
    },
    {
      "mode": "managed",
      "type": "aws_route53_zone",
      "name": "main",
      "provider": "provider[\"registry.terraform.io/hashicorp/aws\"]",
      "instances": [
        {
          "schema_version": 0,
          "attributes": {
            "arn": "arn:aws:route53:::hostedzone/Z04504913PQT0DFEGDSOD",
            "comment": "Managed by Terraform",
            "delegation_set_id": "",
            "force_destroy": false,
            "id": "Z04504913PQT0DFEGDSOD",
            "name": "corebank.com",
            "name_servers": [
              "ns-1332.awsdns-38.org",
              "ns-134.awsdns-16.com",
              "ns-1770.awsdns-29.co.uk",
              "ns-859.awsdns-43.net"
            ],
            "primary_name_server": "ns-1332.awsdns-38.org",
            "tags": {},
            "tags_all": {},
            "vpc": [],
            "zone_id": "Z04504913PQT0DFEGDSOD"
          },
          "sensitive_attributes": [],
          "private": "bnVsbA=="
        }
      ]
    },
    {
      "mode": "managed",
      "type": "aws_security_group",
      "name": "alb",
      "provider": "provider[\"registry.terraform.io/hashicorp/aws\"]",
      "instances": [
        {
          "schema_version": 1,
          "attributes": {
            "arn": "arn:aws:ec2:us-east-1:767398052348:security-group/sg-09a72ec3aa9bfd022",
            "description": "Security group for application load balancer",
            "egress": [
              {
                "cidr_blocks": [
                  "0.0.0.0/0"
                ],
                "description": "",
                "from_port": 0,
                "ipv6_cidr_blocks": [],
                "prefix_list_ids": [],
                "protocol": "-1",
                "security_groups": [],
                "self": false,
                "to_port": 0
              }
            ],
            "id": "sg-09a72ec3aa9bfd022",
            "ingress": [
              {
                "cidr_blocks": [
                  "0.0.0.0/0"
                ],
                "description": "",
                "from_port": 443,
                "ipv6_cidr_blocks": [],
                "prefix_list_ids": [],
                "protocol": "tcp",
                "security_groups": [],
                "self": false,
                "to_port": 443
              },
              {
                "cidr_blocks": [
                  "0.0.0.0/0"
                ],
                "description": "",
                "from_port": 80,
                "ipv6_cidr_blocks": [],
                "prefix_list_ids": [],
                "protocol": "tcp",
                "security_groups": [],
                "self": false,
                "to_port": 80
              }
            ],
            "name": "core-banking-alb-sg",
            "name_prefix": "",
            "owner_id": "767398052348",
            "revoke_rules_on_delete": false,
            "tags": {
              "Name": "core-banking-alb-sg"
            },
            "tags_all": {
              "Name": "core-banking-alb-sg"
            },
            "timeouts": null,
            "vpc_id": "vpc-0bc58d4c646ae4d4c"
          },
          "sensitive_attributes": [],
          "private": "eyJlMmJmYjczMC1lY2FhLTExZTYtOGY4OC0zNDM2M2JjN2M0YzAiOnsiY3JlYXRlIjo2MDAwMDAwMDAwMDAsImRlbGV0ZSI6OTAwMDAwMDAwMDAwfSwic2NoZW1hX3ZlcnNpb24iOiIxIn0=",
          "dependencies": [
            "aws_vpc.main"
          ]
        }
      ]
    },
    {
      "mode": "managed",
      "type": "aws_security_group",
      "name": "app",
      "provider": "provider[\"registry.terraform.io/hashicorp/aws\"]",
      "instances": [
        {
          "schema_version": 1,
          "attributes": {
            "arn": "arn:aws:ec2:us-east-1:767398052348:security-group/sg-01d0a3a607f8e51b8",
            "description": "Security group for application servers",
            "egress": [
              {
                "cidr_blocks": [
                  "0.0.0.0/0"
                ],
                "description": "",
                "from_port": 0,
                "ipv6_cidr_blocks": [],
                "prefix_list_ids": [],
                "protocol": "-1",
                "security_groups": [],
                "self": false,
                "to_port": 0
              }
            ],
            "id": "sg-01d0a3a607f8e51b8",
            "ingress": [
              {
                "cidr_blocks": [
                  "102.215.57.149/32"
                ],
                "description": null,
                "from_port": 22,
                "ipv6_cidr_blocks": [],
                "prefix_list_ids": [],
                "protocol": "tcp",
                "security_groups": [],
                "self": false,
                "to_port": 22
              },
              {
                "cidr_blocks": [],
                "description": "",
                "from_port": 11211,
                "ipv6_cidr_blocks": [],
                "prefix_list_ids": [],
                "protocol": "tcp",
                "security_groups": [],
                "self": false,
                "to_port": 11211
              },
              {
                "cidr_blocks": [],
                "description": null,
                "from_port": 443,
                "ipv6_cidr_blocks": [],
                "prefix_list_ids": [],
                "protocol": "tcp",
                "security_groups": [
                  "sg-09a72ec3aa9bfd022"
                ],
                "self": false,
                "to_port": 443
              },
              {
                "cidr_blocks": [],
                "description": null,
                "from_port": 80,
                "ipv6_cidr_blocks": [],
                "prefix_list_ids": [],
                "protocol": "tcp",
                "security_groups": [
                  "sg-09a72ec3aa9bfd022"
                ],
                "self": false,
                "to_port": 80
              }
            ],
            "name": "core-banking-app-sg",
            "name_prefix": "",
            "owner_id": "767398052348",
            "revoke_rules_on_delete": false,
            "tags": {
              "Name": "core-banking-app-sg"
            },
            "tags_all": {
              "Name": "core-banking-app-sg"
            },
            "timeouts": null,
            "vpc_id": "vpc-0bc58d4c646ae4d4c"
          },
          "sensitive_attributes": [],
          "private": "eyJlMmJmYjczMC1lY2FhLTExZTYtOGY4OC0zNDM2M2JjN2M0YzAiOnsiY3JlYXRlIjo2MDAwMDAwMDAwMDAsImRlbGV0ZSI6OTAwMDAwMDAwMDAwfSwic2NoZW1hX3ZlcnNpb24iOiIxIn0=",
          "dependencies": [
            "aws_security_group.alb",
            "aws_vpc.main",
            "data.http.myip"
          ]
        }
      ]
    },
    {
      "mode": "managed",
      "type": "aws_security_group",
      "name": "cache",
      "provider": "provider[\"registry.terraform.io/hashicorp/aws\"]",
      "instances": [
        {
          "schema_version": 1,
          "attributes": {
            "arn": "arn:aws:ec2:us-east-1:767398052348:security-group/sg-058aa44d81e5d8562",
            "description": "Security group for ElastiCache",
            "egress": [
              {
                "cidr_blocks": [
                  "0.0.0.0/0"
                ],
                "description": "",
                "from_port": 0,
                "ipv6_cidr_blocks": [],
                "prefix_list_ids": [],
                "protocol": "-1",
                "security_groups": [],
                "self": false,
                "to_port": 0
              }
            ],
            "id": "sg-058aa44d81e5d8562",
            "ingress": [
              {
                "cidr_blocks": [],
                "description": "",
                "from_port": 11211,
                "ipv6_cidr_blocks": [],
                "prefix_list_ids": [],
                "protocol": "tcp",
                "security_groups": [
                  "sg-01d0a3a607f8e51b8"
                ],
                "self": false,
                "to_port": 11211
              }
            ],
            "name": "core-banking-cache-sg",
            "name_prefix": "",
            "owner_id": "767398052348",
            "revoke_rules_on_delete": false,
            "tags": {
              "Name": "core-banking-cache-sg"
            },
            "tags_all": {
              "Name": "core-banking-cache-sg"
            },
            "timeouts": null,
            "vpc_id": "vpc-0bc58d4c646ae4d4c"
          },
          "sensitive_attributes": [],
          "private": "eyJlMmJmYjczMC1lY2FhLTExZTYtOGY4OC0zNDM2M2JjN2M0YzAiOnsiY3JlYXRlIjo2MDAwMDAwMDAwMDAsImRlbGV0ZSI6OTAwMDAwMDAwMDAwfSwic2NoZW1hX3ZlcnNpb24iOiIxIn0=",
          "dependencies": [
            "aws_security_group.alb",
            "aws_security_group.app",
            "aws_vpc.main",
            "data.http.myip"
          ]
        }
      ]
    },
    {
      "mode": "managed",
      "type": "aws_security_group",
      "name": "db",
      "provider": "provider[\"registry.terraform.io/hashicorp/aws\"]",
      "instances": [
        {
          "schema_version": 1,
          "attributes": {
            "arn": "arn:aws:ec2:us-east-1:767398052348:security-group/sg-0ac6c0176d8036597",
            "description": "Security group for RDS database",
            "egress": [
              {
                "cidr_blocks": [
                  "0.0.0.0/0"
                ],
                "description": "",
                "from_port": 0,
                "ipv6_cidr_blocks": [],
                "prefix_list_ids": [],
                "protocol": "-1",
                "security_groups": [],
                "self": false,
                "to_port": 0
              }
            ],
            "id": "sg-0ac6c0176d8036597",
            "ingress": [
              {
                "cidr_blocks": [],
                "description": "",
                "from_port": 5432,
                "ipv6_cidr_blocks": [],
                "prefix_list_ids": [],
                "protocol": "tcp",
                "security_groups": [
                  "sg-01d0a3a607f8e51b8"
                ],
                "self": false,
                "to_port": 5432
              }
            ],
            "name": "core-banking-db-sg",
            "name_prefix": "",
            "owner_id": "767398052348",
            "revoke_rules_on_delete": false,
            "tags": {
              "Name": "core-banking-db-sg"
            },
            "tags_all": {
              "Name": "core-banking-db-sg"
            },
            "timeouts": null,
            "vpc_id": "vpc-0bc58d4c646ae4d4c"
          },
          "sensitive_attributes": [],
          "private": "eyJlMmJmYjczMC1lY2FhLTExZTYtOGY4OC0zNDM2M2JjN2M0YzAiOnsiY3JlYXRlIjo2MDAwMDAwMDAwMDAsImRlbGV0ZSI6OTAwMDAwMDAwMDAwfSwic2NoZW1hX3ZlcnNpb24iOiIxIn0=",
          "dependencies": [
            "aws_security_group.alb",
            "aws_security_group.app",
            "aws_vpc.main",
            "data.http.myip"
          ]
        }
      ]
    },
    {
      "mode": "managed",
      "type": "aws_subnet",
      "name": "private",
      "provider": "provider[\"registry.terraform.io/hashicorp/aws\"]",
      "instances": [
        {
          "index_key": 0,
          "schema_version": 1,
          "attributes": {
            "arn": "arn:aws:ec2:us-east-1:767398052348:subnet/subnet-062c62c7e90be6d41",
            "assign_ipv6_address_on_creation": false,
            "availability_zone": "us-east-1a",
            "availability_zone_id": "use1-az1",
            "cidr_block": "10.0.1.0/24",
            "customer_owned_ipv4_pool": "",
            "enable_dns64": false,
            "enable_lni_at_device_index": 0,
            "enable_resource_name_dns_a_record_on_launch": false,
            "enable_resource_name_dns_aaaa_record_on_launch": false,
            "id": "subnet-062c62c7e90be6d41",
            "ipv6_cidr_block": "",
            "ipv6_cidr_block_association_id": "",
            "ipv6_native": false,
            "map_customer_owned_ip_on_launch": false,
            "map_public_ip_on_launch": false,
            "outpost_arn": "",
            "owner_id": "767398052348",
            "private_dns_hostname_type_on_launch": "ip-name",
            "tags": {
              "Name": "private-subnet-1"
            },
            "tags_all": {
              "Name": "private-subnet-1"
            },
            "timeouts": null,
            "vpc_id": "vpc-0bc58d4c646ae4d4c"
          },
          "sensitive_attributes": [],
          "private": "eyJlMmJmYjczMC1lY2FhLTExZTYtOGY4OC0zNDM2M2JjN2M0YzAiOnsiY3JlYXRlIjo2MDAwMDAwMDAwMDAsImRlbGV0ZSI6MTIwMDAwMDAwMDAwMH0sInNjaGVtYV92ZXJzaW9uIjoiMSJ9",
          "dependencies": [
            "aws_vpc.main",
            "data.aws_availability_zones.available"
          ]
        },
        {
          "index_key": 1,
          "schema_version": 1,
          "attributes": {
            "arn": "arn:aws:ec2:us-east-1:767398052348:subnet/subnet-0ef2f4b2a666924a1",
            "assign_ipv6_address_on_creation": false,
            "availability_zone": "us-east-1b",
            "availability_zone_id": "use1-az2",
            "cidr_block": "10.0.2.0/24",
            "customer_owned_ipv4_pool": "",
            "enable_dns64": false,
            "enable_lni_at_device_index": 0,
            "enable_resource_name_dns_a_record_on_launch": false,
            "enable_resource_name_dns_aaaa_record_on_launch": false,
            "id": "subnet-0ef2f4b2a666924a1",
            "ipv6_cidr_block": "",
            "ipv6_cidr_block_association_id": "",
            "ipv6_native": false,
            "map_customer_owned_ip_on_launch": false,
            "map_public_ip_on_launch": false,
            "outpost_arn": "",
            "owner_id": "767398052348",
            "private_dns_hostname_type_on_launch": "ip-name",
            "tags": {
              "Name": "private-subnet-2"
            },
            "tags_all": {
              "Name": "private-subnet-2"
            },
            "timeouts": null,
            "vpc_id": "vpc-0bc58d4c646ae4d4c"
          },
          "sensitive_attributes": [],
          "private": "eyJlMmJmYjczMC1lY2FhLTExZTYtOGY4OC0zNDM2M2JjN2M0YzAiOnsiY3JlYXRlIjo2MDAwMDAwMDAwMDAsImRlbGV0ZSI6MTIwMDAwMDAwMDAwMH0sInNjaGVtYV92ZXJzaW9uIjoiMSJ9",
          "dependencies": [
            "aws_vpc.main",
            "data.aws_availability_zones.available"
          ]
        },
        {
          "index_key": 2,
          "schema_version": 1,
          "attributes": {
            "arn": "arn:aws:ec2:us-east-1:767398052348:subnet/subnet-08c94dd7b8d7b3d27",
            "assign_ipv6_address_on_creation": false,
            "availability_zone": "us-east-1c",
            "availability_zone_id": "use1-az4",
            "cidr_block": "10.0.3.0/24",
            "customer_owned_ipv4_pool": "",
            "enable_dns64": false,
            "enable_lni_at_device_index": 0,
            "enable_resource_name_dns_a_record_on_launch": false,
            "enable_resource_name_dns_aaaa_record_on_launch": false,
            "id": "subnet-08c94dd7b8d7b3d27",
            "ipv6_cidr_block": "",
            "ipv6_cidr_block_association_id": "",
            "ipv6_native": false,
            "map_customer_owned_ip_on_launch": false,
            "map_public_ip_on_launch": false,
            "outpost_arn": "",
            "owner_id": "767398052348",
            "private_dns_hostname_type_on_launch": "ip-name",
            "tags": {
              "Name": "private-subnet-3"
            },
            "tags_all": {
              "Name": "private-subnet-3"
            },
            "timeouts": null,
            "vpc_id": "vpc-0bc58d4c646ae4d4c"
          },
          "sensitive_attributes": [],
          "private": "eyJlMmJmYjczMC1lY2FhLTExZTYtOGY4OC0zNDM2M2JjN2M0YzAiOnsiY3JlYXRlIjo2MDAwMDAwMDAwMDAsImRlbGV0ZSI6MTIwMDAwMDAwMDAwMH0sInNjaGVtYV92ZXJzaW9uIjoiMSJ9",
          "dependencies": [
            "aws_vpc.main",
            "data.aws_availability_zones.available"
          ]
        }
      ]
    },
    {
      "mode": "managed",
      "type": "aws_subnet",
      "name": "public",
      "provider": "provider[\"registry.terraform.io/hashicorp/aws\"]",
      "instances": [
        {
          "index_key": 0,
          "schema_version": 1,
          "attributes": {
            "arn": "arn:aws:ec2:us-east-1:767398052348:subnet/subnet-0c3ef5690197b14c5",
            "assign_ipv6_address_on_creation": false,
            "availability_zone": "us-east-1a",
            "availability_zone_id": "use1-az1",
            "cidr_block": "10.0.10.0/24",
            "customer_owned_ipv4_pool": "",
            "enable_dns64": false,
            "enable_lni_at_device_index": 0,
            "enable_resource_name_dns_a_record_on_launch": false,
            "enable_resource_name_dns_aaaa_record_on_launch": false,
            "id": "subnet-0c3ef5690197b14c5",
            "ipv6_cidr_block": "",
            "ipv6_cidr_block_association_id": "",
            "ipv6_native": false,
            "map_customer_owned_ip_on_launch": false,
            "map_public_ip_on_launch": false,
            "outpost_arn": "",
            "owner_id": "767398052348",
            "private_dns_hostname_type_on_launch": "ip-name",
            "tags": {
              "Name": "public-subnet-1"
            },
            "tags_all": {
              "Name": "public-subnet-1"
            },
            "timeouts": null,
            "vpc_id": "vpc-0bc58d4c646ae4d4c"
          },
          "sensitive_attributes": [],
          "private": "eyJlMmJmYjczMC1lY2FhLTExZTYtOGY4OC0zNDM2M2JjN2M0YzAiOnsiY3JlYXRlIjo2MDAwMDAwMDAwMDAsImRlbGV0ZSI6MTIwMDAwMDAwMDAwMH0sInNjaGVtYV92ZXJzaW9uIjoiMSJ9",
          "dependencies": [
            "aws_vpc.main",
            "data.aws_availability_zones.available"
          ]
        },
        {
          "index_key": 1,
          "schema_version": 1,
          "attributes": {
            "arn": "arn:aws:ec2:us-east-1:767398052348:subnet/subnet-0a333eac93560bc75",
            "assign_ipv6_address_on_creation": false,
            "availability_zone": "us-east-1b",
            "availability_zone_id": "use1-az2",
            "cidr_block": "10.0.11.0/24",
            "customer_owned_ipv4_pool": "",
            "enable_dns64": false,
            "enable_lni_at_device_index": 0,
            "enable_resource_name_dns_a_record_on_launch": false,
            "enable_resource_name_dns_aaaa_record_on_launch": false,
            "id": "subnet-0a333eac93560bc75",
            "ipv6_cidr_block": "",
            "ipv6_cidr_block_association_id": "",
            "ipv6_native": false,
            "map_customer_owned_ip_on_launch": false,
            "map_public_ip_on_launch": false,
            "outpost_arn": "",
            "owner_id": "767398052348",
            "private_dns_hostname_type_on_launch": "ip-name",
            "tags": {
              "Name": "public-subnet-2"
            },
            "tags_all": {
              "Name": "public-subnet-2"
            },
            "timeouts": null,
            "vpc_id": "vpc-0bc58d4c646ae4d4c"
          },
          "sensitive_attributes": [],
          "private": "eyJlMmJmYjczMC1lY2FhLTExZTYtOGY4OC0zNDM2M2JjN2M0YzAiOnsiY3JlYXRlIjo2MDAwMDAwMDAwMDAsImRlbGV0ZSI6MTIwMDAwMDAwMDAwMH0sInNjaGVtYV92ZXJzaW9uIjoiMSJ9",
          "dependencies": [
            "aws_vpc.main",
            "data.aws_availability_zones.available"
          ]
        },
        {
          "index_key": 2,
          "schema_version": 1,
          "attributes": {
            "arn": "arn:aws:ec2:us-east-1:767398052348:subnet/subnet-033b702b1601336b7",
            "assign_ipv6_address_on_creation": false,
            "availability_zone": "us-east-1c",
            "availability_zone_id": "use1-az4",
            "cidr_block": "10.0.12.0/24",
            "customer_owned_ipv4_pool": "",
            "enable_dns64": false,
            "enable_lni_at_device_index": 0,
            "enable_resource_name_dns_a_record_on_launch": false,
            "enable_resource_name_dns_aaaa_record_on_launch": false,
            "id": "subnet-033b702b1601336b7",
            "ipv6_cidr_block": "",
            "ipv6_cidr_block_association_id": "",
            "ipv6_native": false,
            "map_customer_owned_ip_on_launch": false,
            "map_public_ip_on_launch": false,
            "outpost_arn": "",
            "owner_id": "767398052348",
            "private_dns_hostname_type_on_launch": "ip-name",
            "tags": {
              "Name": "public-subnet-3"
            },
            "tags_all": {
              "Name": "public-subnet-3"
            },
            "timeouts": null,
            "vpc_id": "vpc-0bc58d4c646ae4d4c"
          },
          "sensitive_attributes": [],
          "private": "eyJlMmJmYjczMC1lY2FhLTExZTYtOGY4OC0zNDM2M2JjN2M0YzAiOnsiY3JlYXRlIjo2MDAwMDAwMDAwMDAsImRlbGV0ZSI6MTIwMDAwMDAwMDAwMH0sInNjaGVtYV92ZXJzaW9uIjoiMSJ9",
          "dependencies": [
            "aws_vpc.main",
            "data.aws_availability_zones.available"
          ]
        }
      ]
    },
    {
      "mode": "managed",
      "type": "aws_vpc",
      "name": "main",
      "provider": "provider[\"registry.terraform.io/hashicorp/aws\"]",
      "instances": [
        {
          "schema_version": 1,
          "attributes": {
            "arn": "arn:aws:ec2:us-east-1:767398052348:vpc/vpc-0bc58d4c646ae4d4c",
            "assign_generated_ipv6_cidr_block": false,
            "cidr_block": "10.0.0.0/16",
            "default_network_acl_id": "acl-0c15a9894c85e7c60",
            "default_route_table_id": "rtb-0091d7226bb1f63cf",
            "default_security_group_id": "sg-08063c399a487ad07",
            "dhcp_options_id": "dopt-031344d9bd6ded5c3",
            "enable_dns_hostnames": true,
            "enable_dns_support": true,
            "enable_network_address_usage_metrics": false,
            "id": "vpc-0bc58d4c646ae4d4c",
            "instance_tenancy": "default",
            "ipv4_ipam_pool_id": null,
            "ipv4_netmask_length": null,
            "ipv6_association_id": "",
            "ipv6_cidr_block": "",
            "ipv6_cidr_block_network_border_group": "",
            "ipv6_ipam_pool_id": "",
            "ipv6_netmask_length": 0,
            "main_route_table_id": "rtb-0091d7226bb1f63cf",
            "owner_id": "767398052348",
            "tags": {
              "Name": "core-banking-vpc"
            },
            "tags_all": {
              "Name": "core-banking-vpc"
            }
          },
          "sensitive_attributes": [],
          "private": "eyJzY2hlbWFfdmVyc2lvbiI6IjEifQ=="
        }
      ]
    },
    {
      "mode": "managed",
      "type": "local_file",
      "name": "private_key",
      "provider": "provider[\"registry.terraform.io/hashicorp/local\"]",
      "instances": [
        {
          "schema_version": 0,
          "attributes": {
            "content": "-----BEGIN RSA PRIVATE KEY-----\nMIIJJwIBAAKCAgEAsqYqpZx5v84vFuk2+ItenFbQoifNQEyaiMo8EEalqLK+xjQr\neOl13Ut/b48hXMRiHl4/ZFCkYpOPWcWhyvwXbvGlieFP/u0EQoDLbsTD43egLVq0\nyrWWTmwNNohHmE/1rT7qb+GTlSUaeIrHxAXJB86cveUM5sJqFRbd9XJilqkYLNAu\nQ9PJJIR6mES8j3dWfCJKn66U4lqkK1RmtcwG3j6oPP9ha7huA1d6d4wRFAcQ5Fzz\ngfPLP+h+hs/7L+uBywAka5s3D8i+3bPFQhTTskG7i9DE3Tx6CflTfTpWMkqhUhYq\nod3KUZkDjNn8edJN59gRwPKXp4BLbIo6XiMYMnBnRQUyKuXGGDDn8tfVuQiFJffj\nPlinqNvGVPp0kW+AoIgDMyw5ey4lprUMOzmVRkaxSSGOUrllLOXIFSbOpCGyoJnC\nWy+xr5LB1xiNH+759qumf8q/gsezRCCdTclXPY76teouTQvvzgO4PePEOVIeNgSw\nmUMhp2y3ovviYKEHRvK55YHTT+s1vSFMt6zErAo6vDFjFGGX4q0aiRob0aWuxODY\nirGga+If4k0Oc2+Bv0Y+ap5t6WKQkngQjTUQXqNK/KSGdfi+AZExlx56OXu2OXWb\n51r5eIuzZzUs2VEfJmy4WVMkezB6Rj3qnN0qvPg9ZDkJOEL2M8qv9BKb/jUCAwEA\nAQKCAgAg+yJWbrvfWC5DWYzHd9tgm3pq5VQ0MbA53rQWASTmLxGfP9Rivx7+WsjN\nDKyJFsxSdO3ZFDY06K8HUMAc3EtrNPttqAX/tzwZFvP3oCXV4ajVlrBX2AxGsBYE\nYkZtbR2a/UmEnC2F1FK9vElC/Bpv8YnoWNf35h51hEI35QUkcVVAOLLB3OB+eGK1\np8Lz7YEu65nBPxbHbxpt0Wgg2ejOsNyYXkFbBLJytXyrg1VH0EIjFrHx5NM6Gi75\nrn3eC+lrU7xljUMuC86I2X5qQ7QNbas1FbaybU7OdpQeQ13UbQi5QdRfC7YlOE16\nfGfrCZNOYQpuB5tN1haWlDJQXMRDhDBmExjOeXVCe6maWnJ6Bqopy9fD2Pu+hE4V\n0WrqOOQoHfh32SdX237rKkb31LSp0PvneLDLKTmNHHplY3WFZiJouBNj8ygJrUmU\nstUefOcP079+DcQAkZ2GnFO/rNrWMbZWU1dVqmlj1+VDF9i+NnafvlpujJDQixqg\nOjtlpIYGb3+wcdyXtPG/DilJ4rjNHYOEvxuvXGe11ZXu8Hh/8nwA9OXuxZsle2xe\nWujLiCdYy75FI4dWNvQRGpg9z2jbgn/wBYwJhwDErBSllcGTDLhSAWwtz3I2ofCt\ncOI1iJNYtCbYfcoZ3syZ+GxoWtzOePuNhs2Wp2w1cg7x7UPTJQKCAQEA7SVnGOpy\nkcEbz8BqGjWKggl3slEVQgyDW9MeyyWqjSGrrgw5rFfaqn7PLS5ODLijVGbsp2MO\nN4Rs7JBZENaCr3Nqf6ZHhk1FKYTXSxl/pK15rBLjc7wTCq8Or4EDeLSEciKFI+U1\n7ET39b9d2Ppli3OIyzoSdvDeR1vMSpzEWiA94E1zV0+hGeqB8yXkrIXlsUanCego\ndQw4avJz48y+FlbLOicSQP4FUmhtUPPvw1IccW1T367c+a0wzH3gbAP1s8+agFEF\nYRjWibbqMWJgDggotEnqjZOWaFJz/FiMVA0UKb4EV0Zu4arFIlF3UFy0z92+HUpa\n8+VuAmLiPWeBdwKCAQEAwNou7e7cvKJS4NMcPMslK49T1sr6da5ZGuIMnkqoFtDE\n8f0dTuUN82rHgme1ydl5CdMvdb3AwFLUtV84RQyoXKXbC6fqIviH1gf/LiFE9+/s\notS4buvxcyDEsJmyw1kBQKJG9Kw4EsJhZnS3u30gHM66EX2IPIk0uAccpXkn58eY\nKFzU/K8GciIeo5jDYrQf8r4/zAtBvfk9xWjL43EcrgD2A4+6rTweBF48MFH7uoNc\nxdBUYoa6sDrJhk4XPhWt3PrPxqS2VLFMhtkoD8pJDk881ZYijrmmNpsAbzGPTgFk\nbog68fPZS9Ezr/Se6TkRJ5cYYR9sZ8gokSyXXIVIswKCAQBPrBtBEbNAKMKxP5Hm\nEErieU/PhtI/iHixZvKXiaYNGFzXcqAFuNZsJYJxSXdLatTkzFeBvRPPrxvxNmXV\n9FufmoUTMcgh5N/xnQG/52cs6mNQXmAwR+WV1051xEBoUy2UMujMMHu3T0yHMa3T\n8fwfp8czj+UYNMBY9QxjnNuS8/YV3696i/QyAsl56Sc0lx+eOYBxIaBGAr8Jnz80\nL1tFog9REENftngPQapIYkwRMQsBSJu/ML5o27jjWv8FCyeHK55asd2+y1t4lQ2F\nXemrjS4vtA2rVwRXNCxngVBUBLjbdU18DNu/0WG9r+UICL1ugK8YpBx+iHw3LQWZ\nX6btAoIBAG+zL/FiI3oirsxHmphftXTIfG/xeyYESNn4SgS5CyjD3P6oc3xJ0U3G\n8C3I8hMqoh+dsWSJ9oWutEMlFstvrGiVLA1RQZzlxI+kbBoE7RSKY85gVT7x7BSZ\nyzLaox7gg4gzNdPrmELNUWrteanfrGTjHASbZ/hgJCfe/qmdRg7KnYfrVPXSTnJ2\n7rYk+i5GVCbeKMd/UaG+JhgcPdPLpSfnqJahfidupZg0GLqIEbyS734nz2iNzr3a\nHvVqb63nEp/mqcfNiUn+s2t7hee3a58dKAgyAGwYfXwtRRAibXVp+wjGYRXY/mga\nkMx+bDh7dEMxEc7XS4vE9DI52KWfEV8CggEAN/AvyeKq1Vtcz+uYTA8TJ3mcy3Sr\nuNswYOlulfMctzu712Lh8+xKH7aSrkDY0vrYFpGR/fdCkS4HaJSpQFt22zklBnkV\nmYySrxmlEVZ+5H4T3x4lgOWmiZkClsCwiOqpUvFcqZuv9t0hLuqOSKyT8TUpwYhA\nf7l87W+Dq9VuEHoLDPodNt7hchwNLzSnbbnn5U7yIczAwv7tDBZ4UR2nslVgRq/0\ng7BG97ng+JWoVAjt8GMcUSTeNpSom2EGL5vcToF8e5Q6aLSMgYO3Dl41tPTOSxhB\nPFjaZrDEviBsTL4ShsmcSeDk62zvJq3jUtyYsmYV6u2zKRHHPZf0B731xg==\n-----END RSA PRIVATE KEY-----\n",
            "content_base64": null,
            "content_base64sha256": "vqIcdmo4lQ0WI0G3H+TZunGVno4wyBUw4L4V6v1vS+0=",
            "content_base64sha512": "yvU616iPvL/sEfg4ehyXK8DyPUDh3g9nTtkdvX5YIkd4KYwX/BQPBHobX8FvOKfYqAXcw5z//egI+QCxQbxi5w==",
            "content_md5": "74c4ce886d8ff2dec942372c5fba4572",
            "content_sha1": "730aff60e8aa1f8c9db68e9891af3ffdbd5b0606",
            "content_sha256": "bea21c766a38950d162341b71fe4d9ba71959e8e30c81530e0be15eafd6f4bed",
            "content_sha512": "caf53ad7a88fbcbfec11f8387a1c972bc0f23d40e1de0f674ed91dbd7e58224778298c17fc140f047a1b5fc16f38a7d8a805dcc39cfffde808f900b141bc62e7",
            "directory_permission": "0700",
            "file_permission": "0400",
            "filename": "./core-banking-key.pem",
            "id": "730aff60e8aa1f8c9db68e9891af3ffdbd5b0606",
            "sensitive_content": null,
            "source": null
          },
          "sensitive_attributes": [
            [
              {
                "type": "get_attr",
                "value": "sensitive_content"
              }
            ],
            [
              {
                "type": "get_attr",
                "value": "content"
              }
            ]
          ],
          "dependencies": [
            "tls_private_key.main"
          ]
        }
      ]
    },
    {
      "mode": "managed",
      "type": "tls_private_key",
      "name": "main",
      "provider": "provider[\"registry.terraform.io/hashicorp/tls\"]",
      "instances": [
        {
          "schema_version": 1,
          "attributes": {
            "algorithm": "RSA",
            "ecdsa_curve": "P224",
            "id": "2e4fa7dae6bc5048f194d6f5eccc1ad68de6ee39",
            "private_key_openssh": "-----BEGIN OPENSSH PRIVATE KEY-----\nb3BlbnNzaC1rZXktdjEAAAAABG5vbmUAAAAEbm9uZQAAAAAAAAABAAACFwAAAAdz\nc2gtcnNhAAAAAwEAAQAAAgEAsqYqpZx5v84vFuk2+ItenFbQoifNQEyaiMo8EEal\nqLK+xjQreOl13Ut/b48hXMRiHl4/ZFCkYpOPWcWhyvwXbvGlieFP/u0EQoDLbsTD\n43egLVq0yrWWTmwNNohHmE/1rT7qb+GTlSUaeIrHxAXJB86cveUM5sJqFRbd9XJi\nlqkYLNAuQ9PJJIR6mES8j3dWfCJKn66U4lqkK1RmtcwG3j6oPP9ha7huA1d6d4wR\nFAcQ5FzzgfPLP+h+hs/7L+uBywAka5s3D8i+3bPFQhTTskG7i9DE3Tx6CflTfTpW\nMkqhUhYqod3KUZkDjNn8edJN59gRwPKXp4BLbIo6XiMYMnBnRQUyKuXGGDDn8tfV\nuQiFJffjPlinqNvGVPp0kW+AoIgDMyw5ey4lprUMOzmVRkaxSSGOUrllLOXIFSbO\npCGyoJnCWy+xr5LB1xiNH+759qumf8q/gsezRCCdTclXPY76teouTQvvzgO4PePE\nOVIeNgSwmUMhp2y3ovviYKEHRvK55YHTT+s1vSFMt6zErAo6vDFjFGGX4q0aiRob\n0aWuxODYirGga+If4k0Oc2+Bv0Y+ap5t6WKQkngQjTUQXqNK/KSGdfi+AZExlx56\nOXu2OXWb51r5eIuzZzUs2VEfJmy4WVMkezB6Rj3qnN0qvPg9ZDkJOEL2M8qv9BKb\n/jUAAAc4ifhA94n4QPcAAAAHc3NoLXJzYQAAAgEAsqYqpZx5v84vFuk2+ItenFbQ\noifNQEyaiMo8EEalqLK+xjQreOl13Ut/b48hXMRiHl4/ZFCkYpOPWcWhyvwXbvGl\nieFP/u0EQoDLbsTD43egLVq0yrWWTmwNNohHmE/1rT7qb+GTlSUaeIrHxAXJB86c\nveUM5sJqFRbd9XJilqkYLNAuQ9PJJIR6mES8j3dWfCJKn66U4lqkK1RmtcwG3j6o\nPP9ha7huA1d6d4wRFAcQ5FzzgfPLP+h+hs/7L+uBywAka5s3D8i+3bPFQhTTskG7\ni9DE3Tx6CflTfTpWMkqhUhYqod3KUZkDjNn8edJN59gRwPKXp4BLbIo6XiMYMnBn\nRQUyKuXGGDDn8tfVuQiFJffjPlinqNvGVPp0kW+AoIgDMyw5ey4lprUMOzmVRkax\nSSGOUrllLOXIFSbOpCGyoJnCWy+xr5LB1xiNH+759qumf8q/gsezRCCdTclXPY76\nteouTQvvzgO4PePEOVIeNgSwmUMhp2y3ovviYKEHRvK55YHTT+s1vSFMt6zErAo6\nvDFjFGGX4q0aiRob0aWuxODYirGga+If4k0Oc2+Bv0Y+ap5t6WKQkngQjTUQXqNK\n/KSGdfi+AZExlx56OXu2OXWb51r5eIuzZzUs2VEfJmy4WVMkezB6Rj3qnN0qvPg9\nZDkJOEL2M8qv9BKb/jUAAAADAQABAAACACD7IlZuu99YLkNZjMd322CbemrlVDQx\nsDnetBYBJOYvEZ8/1GK/Hv5ayM0MrIkWzFJ07dkUNjTorwdQwBzcS2s0+22oBf+3\nPBkW8/egJdXhqNWWsFfYDEawFgRiRm1tHZr9SYScLYXUUr28SUL8Gm/xiehY1/fm\nHnWEQjflBSRxVUA4ssHc4H54YrWnwvPtgS7rmcE/FsdvGm3RaCDZ6M6w3JheQVsE\nsnK1fKuDVUfQQiMWsfHk0zoaLvmufd4L6WtTvGWNQy4LzojZfmpDtA1tqzUVtrJt\nTs52lB5DXdRtCLlB1F8LtiU4TXp8Z+sJk05hCm4Hm03WFpaUMlBcxEOEMGYTGM55\ndUJ7qZpacnoGqinL18PY+76EThXRauo45Cgd+HfZJ1fbfusqRvfUtKnQ++d4sMsp\nOY0cemVjdYVmImi4E2PzKAmtSZSy1R585w/Tv34NxACRnYacU7+s2tYxtlZTV1Wq\naWPX5UMX2L42dp++Wm6MkNCLGqA6O2WkhgZvf7Bx3Je08b8OKUniuM0dg4S/G69c\nZ7XVle7weH/yfAD05e7FmyV7bF5a6MuIJ1jLvkUjh1Y29BEamD3PaNuCf/AFjAmH\nAMSsFKWVwZMMuFIBbC3Pcjah8K1w4jWIk1i0Jth9yhnezJn4bGha3M54+42GzZan\nbDVyDvHtQ9MlAAABADfwL8niqtVbXM/rmEwPEyd5nMt0q7jbMGDpbpXzHLc7u9di\n4fPsSh+2kq5A2NL62BaRkf33QpEuB2iUqUBbdts5JQZ5FZmMkq8ZpRFWfuR+E98e\nJYDlpomZApbAsIjqqVLxXKmbr/bdIS7qjkisk/E1KcGIQH+5fO1vg6vVbhB6Cwz6\nHTbe4XIcDS80p2255+VO8iHMwML+7QwWeFEdp7JVYEav9IOwRve54PiVqFQI7fBj\nHFEk3jaUqJthBi+b3E6BfHuUOmi0jIGDtw5eNbT0zksYQTxY2mawxL4gbEy+EobJ\nnEng5Ots7yat41LcmLJmFertsykRxz2X9Ae99cYAAAEBAO0lZxjqcpHBG8/Aaho1\nioIJd7JRFUIMg1vTHsslqo0hq64MOaxX2qp+zy0uTgy4o1Rm7KdjDjeEbOyQWRDW\ngq9zan+mR4ZNRSmE10sZf6SteawS43O8EwqvDq+BA3i0hHIihSPlNexE9/W/Xdj6\nZYtziMs6Enbw3kdbzEqcxFogPeBNc1dPoRnqgfMl5KyF5bFGpwnoKHUMOGryc+PM\nvhZWyzonEkD+BVJobVDz78NSHHFtU9+u3PmtMMx94GwD9bPPmoBRBWEY1om26jFi\nYA4IKLRJ6o2TlmhSc/xYjFQNFCm+BFdGbuGqxSJRd1BctM/dvh1KWvPlbgJi4j1n\ngXcAAAEBAMDaLu3u3LyiUuDTHDzLJSuPU9bK+nWuWRriDJ5KqBbQxPH9HU7lDfNq\nx4JntcnZeQnTL3W9wMBS1LVfOEUMqFyl2wun6iL4h9YH/y4hRPfv7KLUuG7r8XMg\nxLCZssNZAUCiRvSsOBLCYWZ0t7t9IBzOuhF9iDyJNLgHHKV5J+fHmChc1PyvBnIi\nHqOYw2K0H/K+P8wLQb35PcVoy+NxHK4A9gOPuq08HgRePDBR+7qDXMXQVGKGurA6\nyYZOFz4Vrdz6z8aktlSxTIbZKA/KSQ5PPNWWIo65pjabAG8xj04BZG6IOvHz2UvR\nM6/0nuk5ESeXGGEfbGfIKJEsl1yFSLMAAAAAAQID\n-----END OPENSSH PRIVATE KEY-----\n",
            "private_key_pem": "-----BEGIN RSA PRIVATE KEY-----\nMIIJJwIBAAKCAgEAsqYqpZx5v84vFuk2+ItenFbQoifNQEyaiMo8EEalqLK+xjQr\neOl13Ut/b48hXMRiHl4/ZFCkYpOPWcWhyvwXbvGlieFP/u0EQoDLbsTD43egLVq0\nyrWWTmwNNohHmE/1rT7qb+GTlSUaeIrHxAXJB86cveUM5sJqFRbd9XJilqkYLNAu\nQ9PJJIR6mES8j3dWfCJKn66U4lqkK1RmtcwG3j6oPP9ha7huA1d6d4wRFAcQ5Fzz\ngfPLP+h+hs/7L+uBywAka5s3D8i+3bPFQhTTskG7i9DE3Tx6CflTfTpWMkqhUhYq\nod3KUZkDjNn8edJN59gRwPKXp4BLbIo6XiMYMnBnRQUyKuXGGDDn8tfVuQiFJffj\nPlinqNvGVPp0kW+AoIgDMyw5ey4lprUMOzmVRkaxSSGOUrllLOXIFSbOpCGyoJnC\nWy+xr5LB1xiNH+759qumf8q/gsezRCCdTclXPY76teouTQvvzgO4PePEOVIeNgSw\nmUMhp2y3ovviYKEHRvK55YHTT+s1vSFMt6zErAo6vDFjFGGX4q0aiRob0aWuxODY\nirGga+If4k0Oc2+Bv0Y+ap5t6WKQkngQjTUQXqNK/KSGdfi+AZExlx56OXu2OXWb\n51r5eIuzZzUs2VEfJmy4WVMkezB6Rj3qnN0qvPg9ZDkJOEL2M8qv9BKb/jUCAwEA\nAQKCAgAg+yJWbrvfWC5DWYzHd9tgm3pq5VQ0MbA53rQWASTmLxGfP9Rivx7+WsjN\nDKyJFsxSdO3ZFDY06K8HUMAc3EtrNPttqAX/tzwZFvP3oCXV4ajVlrBX2AxGsBYE\nYkZtbR2a/UmEnC2F1FK9vElC/Bpv8YnoWNf35h51hEI35QUkcVVAOLLB3OB+eGK1\np8Lz7YEu65nBPxbHbxpt0Wgg2ejOsNyYXkFbBLJytXyrg1VH0EIjFrHx5NM6Gi75\nrn3eC+lrU7xljUMuC86I2X5qQ7QNbas1FbaybU7OdpQeQ13UbQi5QdRfC7YlOE16\nfGfrCZNOYQpuB5tN1haWlDJQXMRDhDBmExjOeXVCe6maWnJ6Bqopy9fD2Pu+hE4V\n0WrqOOQoHfh32SdX237rKkb31LSp0PvneLDLKTmNHHplY3WFZiJouBNj8ygJrUmU\nstUefOcP079+DcQAkZ2GnFO/rNrWMbZWU1dVqmlj1+VDF9i+NnafvlpujJDQixqg\nOjtlpIYGb3+wcdyXtPG/DilJ4rjNHYOEvxuvXGe11ZXu8Hh/8nwA9OXuxZsle2xe\nWujLiCdYy75FI4dWNvQRGpg9z2jbgn/wBYwJhwDErBSllcGTDLhSAWwtz3I2ofCt\ncOI1iJNYtCbYfcoZ3syZ+GxoWtzOePuNhs2Wp2w1cg7x7UPTJQKCAQEA7SVnGOpy\nkcEbz8BqGjWKggl3slEVQgyDW9MeyyWqjSGrrgw5rFfaqn7PLS5ODLijVGbsp2MO\nN4Rs7JBZENaCr3Nqf6ZHhk1FKYTXSxl/pK15rBLjc7wTCq8Or4EDeLSEciKFI+U1\n7ET39b9d2Ppli3OIyzoSdvDeR1vMSpzEWiA94E1zV0+hGeqB8yXkrIXlsUanCego\ndQw4avJz48y+FlbLOicSQP4FUmhtUPPvw1IccW1T367c+a0wzH3gbAP1s8+agFEF\nYRjWibbqMWJgDggotEnqjZOWaFJz/FiMVA0UKb4EV0Zu4arFIlF3UFy0z92+HUpa\n8+VuAmLiPWeBdwKCAQEAwNou7e7cvKJS4NMcPMslK49T1sr6da5ZGuIMnkqoFtDE\n8f0dTuUN82rHgme1ydl5CdMvdb3AwFLUtV84RQyoXKXbC6fqIviH1gf/LiFE9+/s\notS4buvxcyDEsJmyw1kBQKJG9Kw4EsJhZnS3u30gHM66EX2IPIk0uAccpXkn58eY\nKFzU/K8GciIeo5jDYrQf8r4/zAtBvfk9xWjL43EcrgD2A4+6rTweBF48MFH7uoNc\nxdBUYoa6sDrJhk4XPhWt3PrPxqS2VLFMhtkoD8pJDk881ZYijrmmNpsAbzGPTgFk\nbog68fPZS9Ezr/Se6TkRJ5cYYR9sZ8gokSyXXIVIswKCAQBPrBtBEbNAKMKxP5Hm\nEErieU/PhtI/iHixZvKXiaYNGFzXcqAFuNZsJYJxSXdLatTkzFeBvRPPrxvxNmXV\n9FufmoUTMcgh5N/xnQG/52cs6mNQXmAwR+WV1051xEBoUy2UMujMMHu3T0yHMa3T\n8fwfp8czj+UYNMBY9QxjnNuS8/YV3696i/QyAsl56Sc0lx+eOYBxIaBGAr8Jnz80\nL1tFog9REENftngPQapIYkwRMQsBSJu/ML5o27jjWv8FCyeHK55asd2+y1t4lQ2F\nXemrjS4vtA2rVwRXNCxngVBUBLjbdU18DNu/0WG9r+UICL1ugK8YpBx+iHw3LQWZ\nX6btAoIBAG+zL/FiI3oirsxHmphftXTIfG/xeyYESNn4SgS5CyjD3P6oc3xJ0U3G\n8C3I8hMqoh+dsWSJ9oWutEMlFstvrGiVLA1RQZzlxI+kbBoE7RSKY85gVT7x7BSZ\nyzLaox7gg4gzNdPrmELNUWrteanfrGTjHASbZ/hgJCfe/qmdRg7KnYfrVPXSTnJ2\n7rYk+i5GVCbeKMd/UaG+JhgcPdPLpSfnqJahfidupZg0GLqIEbyS734nz2iNzr3a\nHvVqb63nEp/mqcfNiUn+s2t7hee3a58dKAgyAGwYfXwtRRAibXVp+wjGYRXY/mga\nkMx+bDh7dEMxEc7XS4vE9DI52KWfEV8CggEAN/AvyeKq1Vtcz+uYTA8TJ3mcy3Sr\nuNswYOlulfMctzu712Lh8+xKH7aSrkDY0vrYFpGR/fdCkS4HaJSpQFt22zklBnkV\nmYySrxmlEVZ+5H4T3x4lgOWmiZkClsCwiOqpUvFcqZuv9t0hLuqOSKyT8TUpwYhA\nf7l87W+Dq9VuEHoLDPodNt7hchwNLzSnbbnn5U7yIczAwv7tDBZ4UR2nslVgRq/0\ng7BG97ng+JWoVAjt8GMcUSTeNpSom2EGL5vcToF8e5Q6aLSMgYO3Dl41tPTOSxhB\nPFjaZrDEviBsTL4ShsmcSeDk62zvJq3jUtyYsmYV6u2zKRHHPZf0B731xg==\n-----END RSA PRIVATE KEY-----\n",
            "private_key_pem_pkcs8": "-----BEGIN PRIVATE KEY-----\nMIIJQQIBADANBgkqhkiG9w0BAQEFAASCCSswggknAgEAAoICAQCypiqlnHm/zi8W\n6Tb4i16cVtCiJ81ATJqIyjwQRqWosr7GNCt46XXdS39vjyFcxGIeXj9kUKRik49Z\nxaHK/Bdu8aWJ4U/+7QRCgMtuxMPjd6AtWrTKtZZObA02iEeYT/WtPupv4ZOVJRp4\nisfEBckHzpy95QzmwmoVFt31cmKWqRgs0C5D08kkhHqYRLyPd1Z8IkqfrpTiWqQr\nVGa1zAbePqg8/2FruG4DV3p3jBEUBxDkXPOB88s/6H6Gz/sv64HLACRrmzcPyL7d\ns8VCFNOyQbuL0MTdPHoJ+VN9OlYySqFSFiqh3cpRmQOM2fx50k3n2BHA8pengEts\nijpeIxgycGdFBTIq5cYYMOfy19W5CIUl9+M+WKeo28ZU+nSRb4CgiAMzLDl7LiWm\ntQw7OZVGRrFJIY5SuWUs5cgVJs6kIbKgmcJbL7GvksHXGI0f7vn2q6Z/yr+Cx7NE\nIJ1NyVc9jvq16i5NC+/OA7g948Q5Uh42BLCZQyGnbLei++JgoQdG8rnlgdNP6zW9\nIUy3rMSsCjq8MWMUYZfirRqJGhvRpa7E4NiKsaBr4h/iTQ5zb4G/Rj5qnm3pYpCS\neBCNNRBeo0r8pIZ1+L4BkTGXHno5e7Y5dZvnWvl4i7NnNSzZUR8mbLhZUyR7MHpG\nPeqc3Sq8+D1kOQk4QvYzyq/0Epv+NQIDAQABAoICACD7IlZuu99YLkNZjMd322Cb\nemrlVDQxsDnetBYBJOYvEZ8/1GK/Hv5ayM0MrIkWzFJ07dkUNjTorwdQwBzcS2s0\n+22oBf+3PBkW8/egJdXhqNWWsFfYDEawFgRiRm1tHZr9SYScLYXUUr28SUL8Gm/x\niehY1/fmHnWEQjflBSRxVUA4ssHc4H54YrWnwvPtgS7rmcE/FsdvGm3RaCDZ6M6w\n3JheQVsEsnK1fKuDVUfQQiMWsfHk0zoaLvmufd4L6WtTvGWNQy4LzojZfmpDtA1t\nqzUVtrJtTs52lB5DXdRtCLlB1F8LtiU4TXp8Z+sJk05hCm4Hm03WFpaUMlBcxEOE\nMGYTGM55dUJ7qZpacnoGqinL18PY+76EThXRauo45Cgd+HfZJ1fbfusqRvfUtKnQ\n++d4sMspOY0cemVjdYVmImi4E2PzKAmtSZSy1R585w/Tv34NxACRnYacU7+s2tYx\ntlZTV1WqaWPX5UMX2L42dp++Wm6MkNCLGqA6O2WkhgZvf7Bx3Je08b8OKUniuM0d\ng4S/G69cZ7XVle7weH/yfAD05e7FmyV7bF5a6MuIJ1jLvkUjh1Y29BEamD3PaNuC\nf/AFjAmHAMSsFKWVwZMMuFIBbC3Pcjah8K1w4jWIk1i0Jth9yhnezJn4bGha3M54\n+42GzZanbDVyDvHtQ9MlAoIBAQDtJWcY6nKRwRvPwGoaNYqCCXeyURVCDINb0x7L\nJaqNIauuDDmsV9qqfs8tLk4MuKNUZuynYw43hGzskFkQ1oKvc2p/pkeGTUUphNdL\nGX+krXmsEuNzvBMKrw6vgQN4tIRyIoUj5TXsRPf1v13Y+mWLc4jLOhJ28N5HW8xK\nnMRaID3gTXNXT6EZ6oHzJeSsheWxRqcJ6Ch1DDhq8nPjzL4WVss6JxJA/gVSaG1Q\n8+/DUhxxbVPfrtz5rTDMfeBsA/Wzz5qAUQVhGNaJtuoxYmAOCCi0SeqNk5ZoUnP8\nWIxUDRQpvgRXRm7hqsUiUXdQXLTP3b4dSlrz5W4CYuI9Z4F3AoIBAQDA2i7t7ty8\nolLg0xw8yyUrj1PWyvp1rlka4gyeSqgW0MTx/R1O5Q3zaseCZ7XJ2XkJ0y91vcDA\nUtS1XzhFDKhcpdsLp+oi+IfWB/8uIUT37+yi1Lhu6/FzIMSwmbLDWQFAokb0rDgS\nwmFmdLe7fSAczroRfYg8iTS4BxyleSfnx5goXNT8rwZyIh6jmMNitB/yvj/MC0G9\n+T3FaMvjcRyuAPYDj7qtPB4EXjwwUfu6g1zF0FRihrqwOsmGThc+Fa3c+s/GpLZU\nsUyG2SgPykkOTzzVliKOuaY2mwBvMY9OAWRuiDrx89lL0TOv9J7pOREnlxhhH2xn\nyCiRLJdchUizAoIBAE+sG0ERs0AowrE/keYQSuJ5T8+G0j+IeLFm8peJpg0YXNdy\noAW41mwlgnFJd0tq1OTMV4G9E8+vG/E2ZdX0W5+ahRMxyCHk3/GdAb/nZyzqY1Be\nYDBH5ZXXTnXEQGhTLZQy6Mwwe7dPTIcxrdPx/B+nxzOP5Rg0wFj1DGOc25Lz9hXf\nr3qL9DICyXnpJzSXH545gHEhoEYCvwmfPzQvW0WiD1EQQ1+2eA9BqkhiTBExCwFI\nm78wvmjbuONa/wULJ4crnlqx3b7LW3iVDYVd6auNLi+0DatXBFc0LGeBUFQEuNt1\nTXwM27/RYb2v5QgIvW6ArxikHH6IfDctBZlfpu0CggEAb7Mv8WIjeiKuzEeamF+1\ndMh8b/F7JgRI2fhKBLkLKMPc/qhzfEnRTcbwLcjyEyqiH52xZIn2ha60QyUWy2+s\naJUsDVFBnOXEj6RsGgTtFIpjzmBVPvHsFJnLMtqjHuCDiDM10+uYQs1Rau15qd+s\nZOMcBJtn+GAkJ97+qZ1GDsqdh+tU9dJOcnbutiT6LkZUJt4ox39Rob4mGBw908ul\nJ+eolqF+J26lmDQYuogRvJLvfifPaI3Ovdoe9WpvrecSn+apx82JSf6za3uF57dr\nnx0oCDIAbBh9fC1FECJtdWn7CMZhFdj+aBqQzH5sOHt0QzERztdLi8T0MjnYpZ8R\nXwKCAQA38C/J4qrVW1zP65hMDxMneZzLdKu42zBg6W6V8xy3O7vXYuHz7EoftpKu\nQNjS+tgWkZH990KRLgdolKlAW3bbOSUGeRWZjJKvGaURVn7kfhPfHiWA5aaJmQKW\nwLCI6qlS8Vypm6/23SEu6o5IrJPxNSnBiEB/uXztb4Or1W4QegsM+h023uFyHA0v\nNKdtueflTvIhzMDC/u0MFnhRHaeyVWBGr/SDsEb3ueD4lahUCO3wYxxRJN42lKib\nYQYvm9xOgXx7lDpotIyBg7cOXjW09M5LGEE8WNpmsMS+IGxMvhKGyZxJ4OTrbO8m\nreNS3JiyZhXq7bMpEcc9l/QHvfXG\n-----END PRIVATE KEY-----\n",
            "public_key_fingerprint_md5": "ab:ab:ae:4c:fb:ca:f4:50:88:9f:4d:0e:33:d5:9b:ce",
            "public_key_fingerprint_sha256": "SHA256:F3SgbBaxywlAl+Eg5CSEf0JtyBa/01l7Ip44lzMlvHU",
            "public_key_openssh": "ssh-rsa AAAAB3NzaC1yc2EAAAADAQABAAACAQCypiqlnHm/zi8W6Tb4i16cVtCiJ81ATJqIyjwQRqWosr7GNCt46XXdS39vjyFcxGIeXj9kUKRik49ZxaHK/Bdu8aWJ4U/+7QRCgMtuxMPjd6AtWrTKtZZObA02iEeYT/WtPupv4ZOVJRp4isfEBckHzpy95QzmwmoVFt31cmKWqRgs0C5D08kkhHqYRLyPd1Z8IkqfrpTiWqQrVGa1zAbePqg8/2FruG4DV3p3jBEUBxDkXPOB88s/6H6Gz/sv64HLACRrmzcPyL7ds8VCFNOyQbuL0MTdPHoJ+VN9OlYySqFSFiqh3cpRmQOM2fx50k3n2BHA8pengEtsijpeIxgycGdFBTIq5cYYMOfy19W5CIUl9+M+WKeo28ZU+nSRb4CgiAMzLDl7LiWmtQw7OZVGRrFJIY5SuWUs5cgVJs6kIbKgmcJbL7GvksHXGI0f7vn2q6Z/yr+Cx7NEIJ1NyVc9jvq16i5NC+/OA7g948Q5Uh42BLCZQyGnbLei++JgoQdG8rnlgdNP6zW9IUy3rMSsCjq8MWMUYZfirRqJGhvRpa7E4NiKsaBr4h/iTQ5zb4G/Rj5qnm3pYpCSeBCNNRBeo0r8pIZ1+L4BkTGXHno5e7Y5dZvnWvl4i7NnNSzZUR8mbLhZUyR7MHpGPeqc3Sq8+D1kOQk4QvYzyq/0Epv+NQ==\n",
            "public_key_pem": "-----BEGIN PUBLIC KEY-----\nMIICIjANBgkqhkiG9w0BAQEFAAOCAg8AMIICCgKCAgEAsqYqpZx5v84vFuk2+Ite\nnFbQoifNQEyaiMo8EEalqLK+xjQreOl13Ut/b48hXMRiHl4/ZFCkYpOPWcWhyvwX\nbvGlieFP/u0EQoDLbsTD43egLVq0yrWWTmwNNohHmE/1rT7qb+GTlSUaeIrHxAXJ\nB86cveUM5sJqFRbd9XJilqkYLNAuQ9PJJIR6mES8j3dWfCJKn66U4lqkK1RmtcwG\n3j6oPP9ha7huA1d6d4wRFAcQ5FzzgfPLP+h+hs/7L+uBywAka5s3D8i+3bPFQhTT\nskG7i9DE3Tx6CflTfTpWMkqhUhYqod3KUZkDjNn8edJN59gRwPKXp4BLbIo6XiMY\nMnBnRQUyKuXGGDDn8tfVuQiFJffjPlinqNvGVPp0kW+AoIgDMyw5ey4lprUMOzmV\nRkaxSSGOUrllLOXIFSbOpCGyoJnCWy+xr5LB1xiNH+759qumf8q/gsezRCCdTclX\nPY76teouTQvvzgO4PePEOVIeNgSwmUMhp2y3ovviYKEHRvK55YHTT+s1vSFMt6zE\nrAo6vDFjFGGX4q0aiRob0aWuxODYirGga+If4k0Oc2+Bv0Y+ap5t6WKQkngQjTUQ\nXqNK/KSGdfi+AZExlx56OXu2OXWb51r5eIuzZzUs2VEfJmy4WVMkezB6Rj3qnN0q\nvPg9ZDkJOEL2M8qv9BKb/jUCAwEAAQ==\n-----END PUBLIC KEY-----\n",
            "rsa_bits": 4096
          },
          "sensitive_attributes": [
            [
              {
                "type": "get_attr",
                "value": "private_key_openssh"
              }
            ],
            [
              {
                "type": "get_attr",
                "value": "private_key_pem_pkcs8"
              }
            ],
            [
              {
                "type": "get_attr",
                "value": "private_key_pem"
              }
            ]
          ]
        }
      ]
    }
  ],
  "check_results": null
}
