{
  "version": 4,
  "terraform_version": "1.10.1",
  "serial": 717,
  "lineage": "2107b989-fa7f-cc24-caa2-dd9496c93d0d",
  "outputs": {
    "available_azs": {
      "value": [
        "us-east-1a",
        "us-east-1b",
        "us-east-1c",
        "us-east-1d",
        "us-east-1e",
        "us-east-1f"
      ],
      "type": [
        "list",
        "string"
      ]
    },
    "detected_ip": {
      "value": "98.97.79.198",
      "type": "string"
    },
    "env_ip": {
      "value": "0.0.0.0/0",
      "type": "string"
    },
    "private_subnet_cidrs": {
      "value": [
        "10.0.1.0/24",
        "10.0.2.0/24",
        "10.0.3.0/24"
      ],
      "type": [
        "tuple",
        [
          "string",
          "string",
          "string"
        ]
      ]
    },
    "public_subnet_cidrs": {
      "value": [
        "10.0.10.0/24",
        "10.0.11.0/24",
        "10.0.12.0/24"
      ],
      "type": [
        "tuple",
        [
          "string",
          "string",
          "string"
        ]
      ]
    },
    "used_ip": {
      "value": "98.97.79.198/32",
      "type": "string"
    }
  },
  "resources": [
    {
      "mode": "data",
      "type": "aws_availability_zones",
      "name": "available",
      "provider": "provider[\"registry.terraform.io/hashicorp/aws\"]",
      "instances": [
        {
          "schema_version": 0,
          "attributes": {
            "all_availability_zones": null,
            "exclude_names": null,
            "exclude_zone_ids": null,
            "filter": null,
            "group_names": [
              "us-east-1-zg-1"
            ],
            "id": "us-east-1",
            "names": [
              "us-east-1a",
              "us-east-1b",
              "us-east-1c",
              "us-east-1d",
              "us-east-1e",
              "us-east-1f"
            ],
            "state": "available",
            "timeouts": null,
            "zone_ids": [
              "use1-az1",
              "use1-az2",
              "use1-az4",
              "use1-az6",
              "use1-az3",
              "use1-az5"
            ]
          },
          "sensitive_attributes": []
        }
      ]
    },
    {
      "mode": "data",
      "type": "http",
      "name": "myip",
      "provider": "provider[\"registry.terraform.io/hashicorp/http\"]",
      "instances": [
        {
          "schema_version": 0,
          "attributes": {
            "body": "98.97.79.198",
            "ca_cert_pem": null,
            "id": "https://api.ipify.org",
            "insecure": null,
            "method": null,
            "request_body": null,
            "request_headers": null,
            "request_timeout_ms": null,
            "response_body": "98.97.79.198",
            "response_body_base64": "OTguOTcuNzkuMTk4",
            "response_headers": {
              "Cf-Cache-Status": "DYNAMIC",
              "Cf-Ray": "90d1217cdeba7390-JNB",
              "Content-Length": "12",
              "Content-Type": "text/plain",
              "Date": "Wed, 05 Feb 2025 07:19:12 GMT",
              "Server": "cloudflare",
              "Server-Timing": "cfL4;desc=\"?proto=TCP\u0026rtt=144938\u0026min_rtt=122410\u0026rtt_var=62211\u0026sent=8\u0026recv=10\u0026lost=0\u0026retrans=0\u0026sent_bytes=3190\u0026recv_bytes=520\u0026delivery_rate=31494\u0026cwnd=254\u0026unsent_bytes=0\u0026cid=67d4b78901c214cb\u0026ts=515\u0026x=0\"",
              "Vary": "Origin"
            },
            "retry": null,
            "status_code": 200,
            "url": "https://api.ipify.org"
          },
          "sensitive_attributes": []
        }
      ]
    },
    {
      "mode": "managed",
      "type": "aws_elasticache_parameter_group",
      "name": "redis7",
      "provider": "provider[\"registry.terraform.io/hashicorp/aws\"]",
      "instances": [
        {
          "schema_version": 0,
          "attributes": {
            "arn": "arn:aws:elasticache:us-east-1:767398052348:parametergroup:core-banking-redis7",
            "description": "Parameter group for Redis 7",
            "family": "redis7",
            "id": "core-banking-redis7",
            "name": "core-banking-redis7",
            "parameter": [],
            "tags": null,
            "tags_all": {}
          },
          "sensitive_attributes": [],
          "private": "bnVsbA=="
        }
      ]
    },
    {
      "mode": "managed",
      "type": "aws_internet_gateway",
      "name": "gw",
      "provider": "provider[\"registry.terraform.io/hashicorp/aws\"]",
      "instances": [
        {
          "schema_version": 0,
          "attributes": {
            "arn": "arn:aws:ec2:us-east-1:767398052348:internet-gateway/igw-02b04b16ced1537eb",
            "id": "igw-02b04b16ced1537eb",
            "owner_id": "767398052348",
            "tags": null,
            "tags_all": {},
            "timeouts": null,
            "vpc_id": "vpc-068fc90f753aa5fba"
          },
          "sensitive_attributes": [],
          "private": "eyJlMmJmYjczMC1lY2FhLTExZTYtOGY4OC0zNDM2M2JjN2M0YzAiOnsiY3JlYXRlIjoxMjAwMDAwMDAwMDAwLCJkZWxldGUiOjEyMDAwMDAwMDAwMDAsInVwZGF0ZSI6MTIwMDAwMDAwMDAwMH19",
          "dependencies": [
            "aws_vpc.main"
          ]
        }
      ]
    },
    {
      "mode": "managed",
      "type": "aws_key_pair",
      "name": "main",
      "provider": "provider[\"registry.terraform.io/hashicorp/aws\"]",
      "instances": [
        {
          "schema_version": 1,
          "attributes": {
            "arn": "arn:aws:ec2:us-east-1:767398052348:key-pair/core-banking-key",
            "fingerprint": "bc:11:d4:2b:12:08:0b:97:36:dc:43:7e:2b:b9:3e:83",
            "id": "core-banking-key",
            "key_name": "core-banking-key",
            "key_name_prefix": "",
            "key_pair_id": "key-0dbb24d6b59d1e6a2",
            "key_type": "rsa",
            "public_key": "ssh-rsa AAAAB3NzaC1yc2EAAAADAQABAAACAQDePzwFXbPzGWUQn5PUdv/k6p809Do4tJ/3cmhmQedS6jR8O3iE+A+6M7wUucTRCukPYf5xRTdn8NHxkxjTY8WZe4iJ8mC+EdpPFGqtTDIUYLtVdXiK0eS+V6h+xYuomDesFmPRc7ZzrGngEfqUd5eF7gTqhXdcilo02OAjTYOZo7PFssb9sd9m0mNJzbHgeVgm4qu5og4eNdLViSrg3DGhyr7BlVqbyqAipuL2NjabPfbr0b7E09Dd39Knpvjw7E3PCy4xPHmf+Vl5aR7C/Pn5OyEH5p5SiZso27dkdik99gBvrF3/h0p/RhWBfjbjHs7UbmWIj+aftgpUHVlm3BgXMM0NXIO2Z0zxxGXfXjNJJEWTeArIxPcs/MkcP58FqsksThLdPF1xVWE4VNIbwtyr/WPkgDRuYNnx+3scrHxX3W8c+XWcfUitKE5XevXsZnJ9CwO4CNImrlmqHCAdFxTwXH4EgyXg3pELK6iG+Dqfpmm8wwcGAE0PTRrTWEOa3clhdXE9aSgi7lUGK1SWzIyCIvACFKrKOyy4XVrgN5WESSGHXkNMin4oeySm3yG7GaOntvkXig2J68mn3YuNgeGLOPDhDX632JeO8LbohtoMv6cjcXmf+NyISSvxLZKVchc3xTymJh5wKSjWXwCCXbkF7McDiCIWgrf271GmlLOsSQ==",
            "tags": null,
            "tags_all": {}
          },
          "sensitive_attributes": [],
          "private": "eyJzY2hlbWFfdmVyc2lvbiI6IjEifQ==",
          "dependencies": [
            "tls_private_key.main"
          ]
        }
      ]
    },
    {
      "mode": "managed",
      "type": "aws_lb_target_group",
      "name": "app",
      "provider": "provider[\"registry.terraform.io/hashicorp/aws\"]",
      "instances": [
        {
          "status": "tainted",
          "schema_version": 0,
          "attributes": {
            "arn": "arn:aws:elasticloadbalancing:us-east-1:767398052348:targetgroup/core-banking-tg/41db542d5f859256",
            "arn_suffix": "targetgroup/core-banking-tg/41db542d5f859256",
            "connection_termination": null,
            "deregistration_delay": "300",
            "health_check": [
              {
                "enabled": true,
                "healthy_threshold": 2,
                "interval": 30,
                "matcher": "200",
                "path": "/health",
                "port": "traffic-port",
                "protocol": "HTTP",
                "timeout": 5,
                "unhealthy_threshold": 2
              }
            ],
            "id": "arn:aws:elasticloadbalancing:us-east-1:767398052348:targetgroup/core-banking-tg/41db542d5f859256",
            "ip_address_type": "ipv4",
            "lambda_multi_value_headers_enabled": false,
            "load_balancer_arns": [],
            "load_balancing_algorithm_type": "round_robin",
            "load_balancing_anomaly_mitigation": "off",
            "load_balancing_cross_zone_enabled": "use_load_balancer_configuration",
            "name": "core-banking-tg",
            "name_prefix": "",
            "port": 80,
            "preserve_client_ip": null,
            "protocol": "HTTP",
            "protocol_version": "HTTP1",
            "proxy_protocol_v2": false,
            "slow_start": 0,
            "stickiness": [
              {
                "cookie_duration": 86400,
                "cookie_name": "",
                "enabled": false,
                "type": "lb_cookie"
              }
            ],
            "tags": null,
            "tags_all": null,
            "target_failover": [
              {
                "on_deregistration": null,
                "on_unhealthy": null
              }
            ],
            "target_group_health": [
              {
                "dns_failover": [
                  {
                    "minimum_healthy_targets_count": "1",
                    "minimum_healthy_targets_percentage": "off"
                  }
                ],
                "unhealthy_state_routing": [
                  {
                    "minimum_healthy_targets_count": 1,
                    "minimum_healthy_targets_percentage": "off"
                  }
                ]
              }
            ],
            "target_health_state": [
              {
                "enable_unhealthy_connection_termination": null,
                "unhealthy_draining_interval": null
              }
            ],
            "target_type": "instance",
            "vpc_id": "vpc-068fc90f753aa5fba"
          },
          "sensitive_attributes": [],
          "private": "bnVsbA==",
          "dependencies": [
            "aws_vpc.main"
          ]
        }
      ]
    },
    {
      "mode": "managed",
      "type": "aws_route",
      "name": "internet_access",
      "provider": "provider[\"registry.terraform.io/hashicorp/aws\"]",
      "instances": [
        {
          "schema_version": 0,
          "attributes": {
            "carrier_gateway_id": "",
            "core_network_arn": "",
            "destination_cidr_block": "0.0.0.0/0",
            "destination_ipv6_cidr_block": "",
            "destination_prefix_list_id": "",
            "egress_only_gateway_id": "",
            "gateway_id": "igw-02b04b16ced1537eb",
            "id": "r-rtb-0a748842214429f031080289494",
            "instance_id": "",
            "instance_owner_id": "",
            "local_gateway_id": "",
            "nat_gateway_id": "",
            "network_interface_id": "",
            "origin": "CreateRoute",
            "route_table_id": "rtb-0a748842214429f03",
            "state": "active",
            "timeouts": null,
            "transit_gateway_id": "",
            "vpc_endpoint_id": "",
            "vpc_peering_connection_id": ""
          },
          "sensitive_attributes": [],
          "private": "eyJlMmJmYjczMC1lY2FhLTExZTYtOGY4OC0zNDM2M2JjN2M0YzAiOnsiY3JlYXRlIjozMDAwMDAwMDAwMDAsImRlbGV0ZSI6MzAwMDAwMDAwMDAwLCJ1cGRhdGUiOjEyMDAwMDAwMDAwMH19",
          "dependencies": [
            "aws_internet_gateway.gw",
            "aws_vpc.main"
          ]
        }
      ]
    },
    {
      "mode": "managed",
      "type": "aws_route53_zone",
      "name": "main",
      "provider": "provider[\"registry.terraform.io/hashicorp/aws\"]",
      "instances": [
        {
          "status": "tainted",
          "schema_version": 0,
          "attributes": {
            "arn": null,
            "comment": "Managed by Terraform",
            "delegation_set_id": null,
            "force_destroy": false,
            "id": "Z002217034HAGIV8D3XYU",
            "name": "corebank.com",
            "name_servers": null,
            "primary_name_server": null,
            "tags": null,
            "tags_all": null,
            "vpc": [],
            "zone_id": null
          },
          "sensitive_attributes": [],
          "private": "bnVsbA=="
        }
      ]
    },
    {
      "mode": "managed",
      "type": "aws_security_group",
      "name": "alb",
      "provider": "provider[\"registry.terraform.io/hashicorp/aws\"]",
      "instances": [
        {
          "status": "tainted",
          "schema_version": 1,
          "attributes": {
            "arn": null,
            "description": "Security group for application load balancer",
            "egress": [
              {
                "cidr_blocks": [
                  "0.0.0.0/0"
                ],
                "description": "",
                "from_port": 0,
                "ipv6_cidr_blocks": [],
                "prefix_list_ids": [],
                "protocol": "-1",
                "security_groups": [],
                "self": false,
                "to_port": 0
              }
            ],
            "id": "sg-0c42a33d57a3f94ae",
            "ingress": [
              {
                "cidr_blocks": [
                  "0.0.0.0/0"
                ],
                "description": "",
                "from_port": 443,
                "ipv6_cidr_blocks": [],
                "prefix_list_ids": [],
                "protocol": "tcp",
                "security_groups": [],
                "self": false,
                "to_port": 443
              },
              {
                "cidr_blocks": [
                  "0.0.0.0/0"
                ],
                "description": "",
                "from_port": 80,
                "ipv6_cidr_blocks": [],
                "prefix_list_ids": [],
                "protocol": "tcp",
                "security_groups": [],
                "self": false,
                "to_port": 80
              }
            ],
            "name": "core-banking-alb-sg",
            "name_prefix": null,
            "owner_id": null,
            "revoke_rules_on_delete": false,
            "tags": {
              "Name": "core-banking-alb-sg"
            },
            "tags_all": {
              "Name": "core-banking-alb-sg"
            },
            "timeouts": null,
            "vpc_id": "vpc-068fc90f753aa5fba"
          },
          "sensitive_attributes": [],
          "private": "eyJlMmJmYjczMC1lY2FhLTExZTYtOGY4OC0zNDM2M2JjN2M0YzAiOnsiY3JlYXRlIjo2MDAwMDAwMDAwMDAsImRlbGV0ZSI6OTAwMDAwMDAwMDAwfSwic2NoZW1hX3ZlcnNpb24iOiIxIn0=",
          "dependencies": [
            "aws_vpc.main"
          ]
        }
      ]
    },
    {
      "mode": "managed",
      "type": "aws_subnet",
      "name": "private",
      "provider": "provider[\"registry.terraform.io/hashicorp/aws\"]",
      "instances": [
        {
          "index_key": 0,
          "schema_version": 1,
          "attributes": {
            "arn": "arn:aws:ec2:us-east-1:767398052348:subnet/subnet-0639d614de6aad90a",
            "assign_ipv6_address_on_creation": false,
            "availability_zone": "us-east-1a",
            "availability_zone_id": "use1-az1",
            "cidr_block": "10.0.1.0/24",
            "customer_owned_ipv4_pool": "",
            "enable_dns64": false,
            "enable_lni_at_device_index": 0,
            "enable_resource_name_dns_a_record_on_launch": false,
            "enable_resource_name_dns_aaaa_record_on_launch": false,
            "id": "subnet-0639d614de6aad90a",
            "ipv6_cidr_block": "",
            "ipv6_cidr_block_association_id": "",
            "ipv6_native": false,
            "map_customer_owned_ip_on_launch": false,
            "map_public_ip_on_launch": false,
            "outpost_arn": "",
            "owner_id": "767398052348",
            "private_dns_hostname_type_on_launch": "ip-name",
            "tags": {
              "Name": "private-subnet-1"
            },
            "tags_all": {
              "Name": "private-subnet-1"
            },
            "timeouts": null,
            "vpc_id": "vpc-068fc90f753aa5fba"
          },
          "sensitive_attributes": [],
          "private": "eyJlMmJmYjczMC1lY2FhLTExZTYtOGY4OC0zNDM2M2JjN2M0YzAiOnsiY3JlYXRlIjo2MDAwMDAwMDAwMDAsImRlbGV0ZSI6MTIwMDAwMDAwMDAwMH0sInNjaGVtYV92ZXJzaW9uIjoiMSJ9",
          "dependencies": [
            "aws_vpc.main",
            "data.aws_availability_zones.available"
          ]
        },
        {
          "index_key": 1,
          "status": "tainted",
          "schema_version": 1,
          "attributes": {
            "arn": null,
            "assign_ipv6_address_on_creation": false,
            "availability_zone": "us-east-1b",
            "availability_zone_id": null,
            "cidr_block": "10.0.2.0/24",
            "customer_owned_ipv4_pool": null,
            "enable_dns64": false,
            "enable_lni_at_device_index": null,
            "enable_resource_name_dns_a_record_on_launch": false,
            "enable_resource_name_dns_aaaa_record_on_launch": false,
            "id": "subnet-05b42de2518bd0cc5",
            "ipv6_cidr_block": null,
            "ipv6_cidr_block_association_id": null,
            "ipv6_native": false,
            "map_customer_owned_ip_on_launch": null,
            "map_public_ip_on_launch": false,
            "outpost_arn": null,
            "owner_id": null,
            "private_dns_hostname_type_on_launch": null,
            "tags": {
              "Name": "private-subnet-2"
            },
            "tags_all": {
              "Name": "private-subnet-2"
            },
            "timeouts": null,
            "vpc_id": "vpc-068fc90f753aa5fba"
          },
          "sensitive_attributes": [],
          "private": "eyJlMmJmYjczMC1lY2FhLTExZTYtOGY4OC0zNDM2M2JjN2M0YzAiOnsiY3JlYXRlIjo2MDAwMDAwMDAwMDAsImRlbGV0ZSI6MTIwMDAwMDAwMDAwMH0sInNjaGVtYV92ZXJzaW9uIjoiMSJ9",
          "dependencies": [
            "aws_vpc.main",
            "data.aws_availability_zones.available"
          ]
        },
        {
          "index_key": 2,
          "schema_version": 1,
          "attributes": {
            "arn": "arn:aws:ec2:us-east-1:767398052348:subnet/subnet-0852fd2cf9fe23f2f",
            "assign_ipv6_address_on_creation": false,
            "availability_zone": "us-east-1c",
            "availability_zone_id": "use1-az4",
            "cidr_block": "10.0.3.0/24",
            "customer_owned_ipv4_pool": "",
            "enable_dns64": false,
            "enable_lni_at_device_index": 0,
            "enable_resource_name_dns_a_record_on_launch": false,
            "enable_resource_name_dns_aaaa_record_on_launch": false,
            "id": "subnet-0852fd2cf9fe23f2f",
            "ipv6_cidr_block": "",
            "ipv6_cidr_block_association_id": "",
            "ipv6_native": false,
            "map_customer_owned_ip_on_launch": false,
            "map_public_ip_on_launch": false,
            "outpost_arn": "",
            "owner_id": "767398052348",
            "private_dns_hostname_type_on_launch": "ip-name",
            "tags": {
              "Name": "private-subnet-3"
            },
            "tags_all": {
              "Name": "private-subnet-3"
            },
            "timeouts": null,
            "vpc_id": "vpc-068fc90f753aa5fba"
          },
          "sensitive_attributes": [],
          "private": "eyJlMmJmYjczMC1lY2FhLTExZTYtOGY4OC0zNDM2M2JjN2M0YzAiOnsiY3JlYXRlIjo2MDAwMDAwMDAwMDAsImRlbGV0ZSI6MTIwMDAwMDAwMDAwMH0sInNjaGVtYV92ZXJzaW9uIjoiMSJ9",
          "dependencies": [
            "aws_vpc.main",
            "data.aws_availability_zones.available"
          ]
        }
      ]
    },
    {
      "mode": "managed",
      "type": "aws_subnet",
      "name": "public",
      "provider": "provider[\"registry.terraform.io/hashicorp/aws\"]",
      "instances": [
        {
          "index_key": 0,
          "schema_version": 1,
          "attributes": {
            "arn": "arn:aws:ec2:us-east-1:767398052348:subnet/subnet-014fec9c586324dfe",
            "assign_ipv6_address_on_creation": false,
            "availability_zone": "us-east-1a",
            "availability_zone_id": "use1-az1",
            "cidr_block": "10.0.10.0/24",
            "customer_owned_ipv4_pool": "",
            "enable_dns64": false,
            "enable_lni_at_device_index": 0,
            "enable_resource_name_dns_a_record_on_launch": false,
            "enable_resource_name_dns_aaaa_record_on_launch": false,
            "id": "subnet-014fec9c586324dfe",
            "ipv6_cidr_block": "",
            "ipv6_cidr_block_association_id": "",
            "ipv6_native": false,
            "map_customer_owned_ip_on_launch": false,
            "map_public_ip_on_launch": false,
            "outpost_arn": "",
            "owner_id": "767398052348",
            "private_dns_hostname_type_on_launch": "ip-name",
            "tags": {
              "Name": "public-subnet-1"
            },
            "tags_all": {
              "Name": "public-subnet-1"
            },
            "timeouts": null,
            "vpc_id": "vpc-068fc90f753aa5fba"
          },
          "sensitive_attributes": [],
          "private": "eyJlMmJmYjczMC1lY2FhLTExZTYtOGY4OC0zNDM2M2JjN2M0YzAiOnsiY3JlYXRlIjo2MDAwMDAwMDAwMDAsImRlbGV0ZSI6MTIwMDAwMDAwMDAwMH0sInNjaGVtYV92ZXJzaW9uIjoiMSJ9",
          "dependencies": [
            "aws_vpc.main",
            "data.aws_availability_zones.available"
          ]
        },
        {
          "index_key": 1,
          "schema_version": 1,
          "attributes": {
            "arn": "arn:aws:ec2:us-east-1:767398052348:subnet/subnet-0093f2b6439c8f4bc",
            "assign_ipv6_address_on_creation": false,
            "availability_zone": "us-east-1b",
            "availability_zone_id": "use1-az2",
            "cidr_block": "10.0.11.0/24",
            "customer_owned_ipv4_pool": "",
            "enable_dns64": false,
            "enable_lni_at_device_index": 0,
            "enable_resource_name_dns_a_record_on_launch": false,
            "enable_resource_name_dns_aaaa_record_on_launch": false,
            "id": "subnet-0093f2b6439c8f4bc",
            "ipv6_cidr_block": "",
            "ipv6_cidr_block_association_id": "",
            "ipv6_native": false,
            "map_customer_owned_ip_on_launch": false,
            "map_public_ip_on_launch": false,
            "outpost_arn": "",
            "owner_id": "767398052348",
            "private_dns_hostname_type_on_launch": "ip-name",
            "tags": {
              "Name": "public-subnet-2"
            },
            "tags_all": {
              "Name": "public-subnet-2"
            },
            "timeouts": null,
            "vpc_id": "vpc-068fc90f753aa5fba"
          },
          "sensitive_attributes": [],
          "private": "eyJlMmJmYjczMC1lY2FhLTExZTYtOGY4OC0zNDM2M2JjN2M0YzAiOnsiY3JlYXRlIjo2MDAwMDAwMDAwMDAsImRlbGV0ZSI6MTIwMDAwMDAwMDAwMH0sInNjaGVtYV92ZXJzaW9uIjoiMSJ9",
          "dependencies": [
            "aws_vpc.main",
            "data.aws_availability_zones.available"
          ]
        },
        {
          "index_key": 2,
          "schema_version": 1,
          "attributes": {
            "arn": "arn:aws:ec2:us-east-1:767398052348:subnet/subnet-08da88aa90ea572f6",
            "assign_ipv6_address_on_creation": false,
            "availability_zone": "us-east-1c",
            "availability_zone_id": "use1-az4",
            "cidr_block": "10.0.12.0/24",
            "customer_owned_ipv4_pool": "",
            "enable_dns64": false,
            "enable_lni_at_device_index": 0,
            "enable_resource_name_dns_a_record_on_launch": false,
            "enable_resource_name_dns_aaaa_record_on_launch": false,
            "id": "subnet-08da88aa90ea572f6",
            "ipv6_cidr_block": "",
            "ipv6_cidr_block_association_id": "",
            "ipv6_native": false,
            "map_customer_owned_ip_on_launch": false,
            "map_public_ip_on_launch": false,
            "outpost_arn": "",
            "owner_id": "767398052348",
            "private_dns_hostname_type_on_launch": "ip-name",
            "tags": {
              "Name": "public-subnet-3"
            },
            "tags_all": {
              "Name": "public-subnet-3"
            },
            "timeouts": null,
            "vpc_id": "vpc-068fc90f753aa5fba"
          },
          "sensitive_attributes": [],
          "private": "eyJlMmJmYjczMC1lY2FhLTExZTYtOGY4OC0zNDM2M2JjN2M0YzAiOnsiY3JlYXRlIjo2MDAwMDAwMDAwMDAsImRlbGV0ZSI6MTIwMDAwMDAwMDAwMH0sInNjaGVtYV92ZXJzaW9uIjoiMSJ9",
          "dependencies": [
            "aws_vpc.main",
            "data.aws_availability_zones.available"
          ]
        }
      ]
    },
    {
      "mode": "managed",
      "type": "aws_vpc",
      "name": "main",
      "provider": "provider[\"registry.terraform.io/hashicorp/aws\"]",
      "instances": [
        {
          "schema_version": 1,
          "attributes": {
            "arn": "arn:aws:ec2:us-east-1:767398052348:vpc/vpc-068fc90f753aa5fba",
            "assign_generated_ipv6_cidr_block": false,
            "cidr_block": "10.0.0.0/16",
            "default_network_acl_id": "acl-05033c9616254479d",
            "default_route_table_id": "rtb-0a748842214429f03",
            "default_security_group_id": "sg-0fe36b397dcec8bd0",
            "dhcp_options_id": "dopt-031344d9bd6ded5c3",
            "enable_dns_hostnames": true,
            "enable_dns_support": true,
            "enable_network_address_usage_metrics": false,
            "id": "vpc-068fc90f753aa5fba",
            "instance_tenancy": "default",
            "ipv4_ipam_pool_id": null,
            "ipv4_netmask_length": null,
            "ipv6_association_id": "",
            "ipv6_cidr_block": "",
            "ipv6_cidr_block_network_border_group": "",
            "ipv6_ipam_pool_id": "",
            "ipv6_netmask_length": 0,
            "main_route_table_id": "rtb-0a748842214429f03",
            "owner_id": "767398052348",
            "tags": {
              "Name": "core-banking-vpc"
            },
            "tags_all": {
              "Name": "core-banking-vpc"
            }
          },
          "sensitive_attributes": [],
          "private": "eyJzY2hlbWFfdmVyc2lvbiI6IjEifQ=="
        }
      ]
    },
    {
      "mode": "managed",
      "type": "local_file",
      "name": "private_key",
      "provider": "provider[\"registry.terraform.io/hashicorp/local\"]",
      "instances": [
        {
          "schema_version": 0,
          "attributes": {
            "content": "-----BEGIN RSA PRIVATE KEY-----\nMIIJKQIBAAKCAgEA3j88BV2z8xllEJ+T1Hb/5OqfNPQ6OLSf93JoZkHnUuo0fDt4\nhPgPujO8FLnE0QrpD2H+cUU3Z/DR8ZMY02PFmXuIifJgvhHaTxRqrUwyFGC7VXV4\nitHkvleofsWLqJg3rBZj0XO2c6xp4BH6lHeXhe4E6oV3XIpaNNjgI02DmaOzxbLG\n/bHfZtJjSc2x4HlYJuKruaIOHjXS1Ykq4Nwxocq+wZVam8qgIqbi9jY2mz3269G+\nxNPQ3d/Sp6b48OxNzwsuMTx5n/lZeWkewvz5+TshB+aeUombKNu3ZHYpPfYAb6xd\n/4dKf0YVgX424x7O1G5liI/mn7YKVB1ZZtwYFzDNDVyDtmdM8cRl314zSSRFk3gK\nyMT3LPzJHD+fBarJLE4S3TxdcVVhOFTSG8Lcq/1j5IA0bmDZ8ft7HKx8V91vHPl1\nnH1IrShOV3r17GZyfQsDuAjSJq5ZqhwgHRcU8Fx+BIMl4N6RCyuohvg6n6ZpvMMH\nBgBND00a01hDmt3JYXVxPWkoIu5VBitUlsyMgiLwAhSqyjssuF1a4DeVhEkhh15D\nTIp+KHskpt8huxmjp7b5F4oNievJp92LjYHhizjw4Q1+t9iXjvC26IbaDL+nI3F5\nn/jciEkr8S2SlXIXN8U8piYecCko1l8Agl25BezHA4giFoK39u9RppSzrEkCAwEA\nAQKCAgBlvekKQ9VHas67h3Izh66p60arBUtJ/lZk/zkP5wexC4qvfMI1jSIWCe0G\nR+z0DdyXsDK9RASTTsmtn7tzum8RTl45WH41RRL9tMkJQKKEdawM+VQPqPrgsFxw\nfJrsuZJy82UK08AowDtP2qsuIHl7VHVnr2XvNV8KZmZlguzF/w0jai5yoWU2OwY9\nGS9fJe3XD1myB6AS8GzuWHcKrYMDID+ne2oZe+9HLcMlF7hz5TAO0NxWWul5SSe0\nnFnGYUdVizbAT4EWXR462Ia+mPUOxaTfaxH7kwc28y7HjNhghye3996oRhUyorDh\nsRgLbWUeFtPgapAXeUzNKQpubj+QM8rOWWNhA6JnNzdZsfasqPY1IgQCiRZwi4Vh\nYkFIhaB4Y8lPCKyIx+x5Bs85hDmhoJ+Hov9/AYoXAIqQa7lRP+4TvYMz+ar9TNaj\nIYRPlMkQwJ7db3zDluWY1Q7reW2wu0xQCv0vTz2P09Ar0NxKgeStzrt9y5fpkjHV\neLYZB6upe22InyYnswpgU93/xbnj9218cyEdsUeh18Co9HzQpr9Jdy3/DB0hxU9c\nBq9qu6NzIYCBwaDe58POiulW92PkfxaGIezA9CVF1NILSfAIhLSmxYj2xiSJULdl\nTiePzttJK/dJ2AlEumRy2Gg2NcEEUHa8mWQTuy5oritQRVUpyQKCAQEA5/lpQxJj\nn2p/aApycswdVO6gQXY1IV/eow/O8sJe1j3qpbizXipf29asJTFwBkyz0s3f0KxP\nXsO1Un8bSXyznAP8LnKgq+ZYCaWZTQO0jbldV5HahfAizwJungNn66X4Irwu4HRW\n35yJzj09xwThPxWQXnzyk5V+EnUi4Up2GEkQm5tV/N6fRmhuNoo4f7L5onqcRwdw\niurJGKw3fvm8sTlQrQrJVUqOX+EvFbILtcPLBYYESfqKY2UuYwtn3WB8muGKtTDd\nkrM5X5hH2f9R8Bxekwa31jW0K6pkDCLsbUH06aGmBp8N03UpfwfLB5v49Dahm0uI\nwNNYBPbfeHY0cwKCAQEA9UPp9sjvMd3QkNQsYjFoziM9nfQfNWhcptf2A18/XwoR\n/c1H1c6S8nCVM+ivQbtipzBJ2QaCJmj3TOcKbdIEZF/ZwLIuyQOGdSozxtdL46O6\nRCEt0ZIAs31Bt0ilmll3OAZOmhlc+TJTGwjAsX2YVDAvTIRfGd3NHHJBtG4Lcr6c\nu2YoksfGXzlx7qCG2akJHQoblH1FJ8GTQZbP/wXZad1kbIT/kDpCLl4HDTVPFJHD\nfw7fa87MvYdJG9JwJPuw4pp6rHJZKiQ18ZM36PtoBP+WR0jfKqCNlv1PcUuinaDj\nBjJ1a5D0gQEOkVd1bfpJoFOEjM36Llfh7UXaB8zpUwKCAQA0/5GiBkiGenFjVsex\nHJsy9VXdvuECoAGgpZL1eZzrO7gpZppsUCgYdOJdmP7sIYgQCIMzDLsRfoslru6Q\nCpKKeYqbHgtBWt4QTipJIyiUHJ6LzEHtyeBaBUc6iLKsbv3TCcV3+HyEmCIP4YQE\nvUOtAwM54zgUqdnk46g1aqqyf7bwpjuuCzq+fkt34HpqCnzoNzUPMU7wHhYVsfr3\n4pzOrLaW4lj/SIpgs3TrcwMj4vi2aVj/geMuNEa10DxJoqq1RARJw0FMK/BWu9bm\nomOZBRJCaw2DPj/MniA/eZckmyYWXp0s9BfXkPQLFr+3HFZzjSu87DPxQhfhAnop\n7m+rAoIBAQDWwd3WioDvcCOU/UPTwyHbBf6JFV5SXIxsR0OSFk+d/2pbiukwrM38\n3Vm39zGmY9bxQBYZo1pJGbYZL2DxYmkYHtnDogHXX2/Xndlybch0jkOmLks5axeU\nEsR9IW5oJZh/hP5Ebpr7VPZyAIsBn1DHvt1bqbjAJHfaRa2EuKrrkT4Z1U0HoUfw\nz5MUeJk7c4iYVeZqcfog4p33W3/K9Ss3SHULlLVWa7zRbuHLzfbtsui0k6hMdOrP\ntertIqmxqHVtJgjugL3UaZqWaesV5TVi0w2aY5ONdsIkCLAMK0c7sMm4/mvUgTum\nze8ckrEvWG4ppZe11xIOjEM2iOht1h4jAoIBAQDWPVJa8wTbBwboyG20HUSYFCoG\nGuO2v4ylTqW9dyVzV4jpx0gks/aOeIi7sjSILo1qTuMcwR4ngh8JPqPJQB0BWv3s\nJxELP2iEvu3G9JKUnGJES32xEmMQOT0HpH/ZMG12TrNMbwGec5Gh3PvaQevTE4/p\nWV+WU3TfuRBCVyesrxRAWxZj00HlusDLtRO6S6pRBwPYwaxdLPJ1rvoX7CHkiwQu\nouVtH9v9DpQ0LwolztLfe0WJYuPmb0xs5uuVKQng1K10KWzjpgTC/uJOq+5hYfLk\n4/6pwXtNWvbqJ3e1sFv+Z6XvvfAWiGvl51Pgd/TpO9HGjDlC0fV+aLAzBaOB\n-----END RSA PRIVATE KEY-----\n",
            "content_base64": null,
            "content_base64sha256": "MSYPenvReNNjxnJyFxMg/2rP3tx12atVK18Mf/3/QPE=",
            "content_base64sha512": "x3aph83A7JOrHNE778J8QJwOSzqcXec10t6B2wQsVvWv3cLfz+faZlIhdWc5uOAhP2aNINAmaDGMpHkpXnYilg==",
            "content_md5": "f88164affb27d08f36278e15541e7afb",
            "content_sha1": "350b2eff8f1ad24a838dcdba8deec052008e547f",
            "content_sha256": "31260f7a7bd178d363c67272171320ff6acfdedc75d9ab552b5f0c7ffdff40f1",
            "content_sha512": "c776a987cdc0ec93ab1cd13befc27c409c0e4b3a9c5de735d2de81db042c56f5afddc2dfcfe7da665221756739b8e0213f668d20d02668318ca479295e762296",
            "directory_permission": "0700",
            "file_permission": "0400",
            "filename": "./core-banking-key.pem",
            "id": "350b2eff8f1ad24a838dcdba8deec052008e547f",
            "sensitive_content": null,
            "source": null
          },
          "sensitive_attributes": [
            [
              {
                "type": "get_attr",
                "value": "content"
              }
            ],
            [
              {
                "type": "get_attr",
                "value": "sensitive_content"
              }
            ]
          ],
          "dependencies": [
            "tls_private_key.main"
          ]
        }
      ]
    },
    {
      "mode": "managed",
      "type": "tls_private_key",
      "name": "main",
      "provider": "provider[\"registry.terraform.io/hashicorp/tls\"]",
      "instances": [
        {
          "schema_version": 1,
          "attributes": {
            "algorithm": "RSA",
            "ecdsa_curve": "P224",
            "id": "9526bfc40da500b53b4e65c7bc39393c98d69d93",
            "private_key_openssh": "-----BEGIN OPENSSH PRIVATE KEY-----\nb3BlbnNzaC1rZXktdjEAAAAABG5vbmUAAAAEbm9uZQAAAAAAAAABAAACFwAAAAdz\nc2gtcnNhAAAAAwEAAQAAAgEA3j88BV2z8xllEJ+T1Hb/5OqfNPQ6OLSf93JoZkHn\nUuo0fDt4hPgPujO8FLnE0QrpD2H+cUU3Z/DR8ZMY02PFmXuIifJgvhHaTxRqrUwy\nFGC7VXV4itHkvleofsWLqJg3rBZj0XO2c6xp4BH6lHeXhe4E6oV3XIpaNNjgI02D\nmaOzxbLG/bHfZtJjSc2x4HlYJuKruaIOHjXS1Ykq4Nwxocq+wZVam8qgIqbi9jY2\nmz3269G+xNPQ3d/Sp6b48OxNzwsuMTx5n/lZeWkewvz5+TshB+aeUombKNu3ZHYp\nPfYAb6xd/4dKf0YVgX424x7O1G5liI/mn7YKVB1ZZtwYFzDNDVyDtmdM8cRl314z\nSSRFk3gKyMT3LPzJHD+fBarJLE4S3TxdcVVhOFTSG8Lcq/1j5IA0bmDZ8ft7HKx8\nV91vHPl1nH1IrShOV3r17GZyfQsDuAjSJq5ZqhwgHRcU8Fx+BIMl4N6RCyuohvg6\nn6ZpvMMHBgBND00a01hDmt3JYXVxPWkoIu5VBitUlsyMgiLwAhSqyjssuF1a4DeV\nhEkhh15DTIp+KHskpt8huxmjp7b5F4oNievJp92LjYHhizjw4Q1+t9iXjvC26Iba\nDL+nI3F5n/jciEkr8S2SlXIXN8U8piYecCko1l8Agl25BezHA4giFoK39u9RppSz\nrEkAAAc4ENXkjRDV5I0AAAAHc3NoLXJzYQAAAgEA3j88BV2z8xllEJ+T1Hb/5Oqf\nNPQ6OLSf93JoZkHnUuo0fDt4hPgPujO8FLnE0QrpD2H+cUU3Z/DR8ZMY02PFmXuI\nifJgvhHaTxRqrUwyFGC7VXV4itHkvleofsWLqJg3rBZj0XO2c6xp4BH6lHeXhe4E\n6oV3XIpaNNjgI02DmaOzxbLG/bHfZtJjSc2x4HlYJuKruaIOHjXS1Ykq4Nwxocq+\nwZVam8qgIqbi9jY2mz3269G+xNPQ3d/Sp6b48OxNzwsuMTx5n/lZeWkewvz5+Tsh\nB+aeUombKNu3ZHYpPfYAb6xd/4dKf0YVgX424x7O1G5liI/mn7YKVB1ZZtwYFzDN\nDVyDtmdM8cRl314zSSRFk3gKyMT3LPzJHD+fBarJLE4S3TxdcVVhOFTSG8Lcq/1j\n5IA0bmDZ8ft7HKx8V91vHPl1nH1IrShOV3r17GZyfQsDuAjSJq5ZqhwgHRcU8Fx+\nBIMl4N6RCyuohvg6n6ZpvMMHBgBND00a01hDmt3JYXVxPWkoIu5VBitUlsyMgiLw\nAhSqyjssuF1a4DeVhEkhh15DTIp+KHskpt8huxmjp7b5F4oNievJp92LjYHhizjw\n4Q1+t9iXjvC26IbaDL+nI3F5n/jciEkr8S2SlXIXN8U8piYecCko1l8Agl25BezH\nA4giFoK39u9RppSzrEkAAAADAQABAAACAGW96QpD1UdqzruHcjOHrqnrRqsFS0n+\nVmT/OQ/nB7ELiq98wjWNIhYJ7QZH7PQN3JewMr1EBJNOya2fu3O6bxFOXjlYfjVF\nEv20yQlAooR1rAz5VA+o+uCwXHB8muy5knLzZQrTwCjAO0/aqy4geXtUdWevZe81\nXwpmZmWC7MX/DSNqLnKhZTY7Bj0ZL18l7dcPWbIHoBLwbO5YdwqtgwMgP6d7ahl7\n70ctwyUXuHPlMA7Q3FZa6XlJJ7ScWcZhR1WLNsBPgRZdHjrYhr6Y9Q7FpN9rEfuT\nBzbzLseM2GCHJ7f33qhGFTKisOGxGAttZR4W0+BqkBd5TM0pCm5uP5Azys5ZY2ED\nomc3N1mx9qyo9jUiBAKJFnCLhWFiQUiFoHhjyU8IrIjH7HkGzzmEOaGgn4ei/38B\nihcAipBruVE/7hO9gzP5qv1M1qMhhE+UyRDAnt1vfMOW5ZjVDut5bbC7TFAK/S9P\nPY/T0CvQ3EqB5K3Ou33Ll+mSMdV4thkHq6l7bYifJiezCmBT3f/FueP3bXxzIR2x\nR6HXwKj0fNCmv0l3Lf8MHSHFT1wGr2q7o3MhgIHBoN7nw86K6Vb3Y+R/FoYh7MD0\nJUXU0gtJ8AiEtKbFiPbGJIlQt2VOJ4/O20kr90nYCUS6ZHLYaDY1wQRQdryZZBO7\nLmiuK1BFVSnJAAABAQDWPVJa8wTbBwboyG20HUSYFCoGGuO2v4ylTqW9dyVzV4jp\nx0gks/aOeIi7sjSILo1qTuMcwR4ngh8JPqPJQB0BWv3sJxELP2iEvu3G9JKUnGJE\nS32xEmMQOT0HpH/ZMG12TrNMbwGec5Gh3PvaQevTE4/pWV+WU3TfuRBCVyesrxRA\nWxZj00HlusDLtRO6S6pRBwPYwaxdLPJ1rvoX7CHkiwQuouVtH9v9DpQ0LwolztLf\ne0WJYuPmb0xs5uuVKQng1K10KWzjpgTC/uJOq+5hYfLk4/6pwXtNWvbqJ3e1sFv+\nZ6XvvfAWiGvl51Pgd/TpO9HGjDlC0fV+aLAzBaOBAAABAQDn+WlDEmOfan9oCnJy\nzB1U7qBBdjUhX96jD87ywl7WPeqluLNeKl/b1qwlMXAGTLPSzd/QrE9ew7VSfxtJ\nfLOcA/wucqCr5lgJpZlNA7SNuV1XkdqF8CLPAm6eA2frpfgivC7gdFbfnInOPT3H\nBOE/FZBefPKTlX4SdSLhSnYYSRCbm1X83p9GaG42ijh/svmiepxHB3CK6skYrDd+\n+byxOVCtCslVSo5f4S8Vsgu1w8sFhgRJ+opjZS5jC2fdYHya4Yq1MN2SszlfmEfZ\n/1HwHF6TBrfWNbQrqmQMIuxtQfTpoaYGnw3TdSl/B8sHm/j0NqGbS4jA01gE9t94\ndjRzAAABAQD1Q+n2yO8x3dCQ1CxiMWjOIz2d9B81aFym1/YDXz9fChH9zUfVzpLy\ncJUz6K9Bu2KnMEnZBoImaPdM5wpt0gRkX9nAsi7JA4Z1KjPG10vjo7pEIS3RkgCz\nfUG3SKWaWXc4Bk6aGVz5MlMbCMCxfZhUMC9MhF8Z3c0cckG0bgtyvpy7ZiiSx8Zf\nOXHuoIbZqQkdChuUfUUnwZNBls//Bdlp3WRshP+QOkIuXgcNNU8UkcN/Dt9rzsy9\nh0kb0nAk+7DimnqsclkqJDXxkzfo+2gE/5ZHSN8qoI2W/U9xS6KdoOMGMnVrkPSB\nAQ6RV3Vt+kmgU4SMzfouV+HtRdoHzOlTAAAAAAEC\n-----END OPENSSH PRIVATE KEY-----\n",
            "private_key_pem": "-----BEGIN RSA PRIVATE KEY-----\nMIIJKQIBAAKCAgEA3j88BV2z8xllEJ+T1Hb/5OqfNPQ6OLSf93JoZkHnUuo0fDt4\nhPgPujO8FLnE0QrpD2H+cUU3Z/DR8ZMY02PFmXuIifJgvhHaTxRqrUwyFGC7VXV4\nitHkvleofsWLqJg3rBZj0XO2c6xp4BH6lHeXhe4E6oV3XIpaNNjgI02DmaOzxbLG\n/bHfZtJjSc2x4HlYJuKruaIOHjXS1Ykq4Nwxocq+wZVam8qgIqbi9jY2mz3269G+\nxNPQ3d/Sp6b48OxNzwsuMTx5n/lZeWkewvz5+TshB+aeUombKNu3ZHYpPfYAb6xd\n/4dKf0YVgX424x7O1G5liI/mn7YKVB1ZZtwYFzDNDVyDtmdM8cRl314zSSRFk3gK\nyMT3LPzJHD+fBarJLE4S3TxdcVVhOFTSG8Lcq/1j5IA0bmDZ8ft7HKx8V91vHPl1\nnH1IrShOV3r17GZyfQsDuAjSJq5ZqhwgHRcU8Fx+BIMl4N6RCyuohvg6n6ZpvMMH\nBgBND00a01hDmt3JYXVxPWkoIu5VBitUlsyMgiLwAhSqyjssuF1a4DeVhEkhh15D\nTIp+KHskpt8huxmjp7b5F4oNievJp92LjYHhizjw4Q1+t9iXjvC26IbaDL+nI3F5\nn/jciEkr8S2SlXIXN8U8piYecCko1l8Agl25BezHA4giFoK39u9RppSzrEkCAwEA\nAQKCAgBlvekKQ9VHas67h3Izh66p60arBUtJ/lZk/zkP5wexC4qvfMI1jSIWCe0G\nR+z0DdyXsDK9RASTTsmtn7tzum8RTl45WH41RRL9tMkJQKKEdawM+VQPqPrgsFxw\nfJrsuZJy82UK08AowDtP2qsuIHl7VHVnr2XvNV8KZmZlguzF/w0jai5yoWU2OwY9\nGS9fJe3XD1myB6AS8GzuWHcKrYMDID+ne2oZe+9HLcMlF7hz5TAO0NxWWul5SSe0\nnFnGYUdVizbAT4EWXR462Ia+mPUOxaTfaxH7kwc28y7HjNhghye3996oRhUyorDh\nsRgLbWUeFtPgapAXeUzNKQpubj+QM8rOWWNhA6JnNzdZsfasqPY1IgQCiRZwi4Vh\nYkFIhaB4Y8lPCKyIx+x5Bs85hDmhoJ+Hov9/AYoXAIqQa7lRP+4TvYMz+ar9TNaj\nIYRPlMkQwJ7db3zDluWY1Q7reW2wu0xQCv0vTz2P09Ar0NxKgeStzrt9y5fpkjHV\neLYZB6upe22InyYnswpgU93/xbnj9218cyEdsUeh18Co9HzQpr9Jdy3/DB0hxU9c\nBq9qu6NzIYCBwaDe58POiulW92PkfxaGIezA9CVF1NILSfAIhLSmxYj2xiSJULdl\nTiePzttJK/dJ2AlEumRy2Gg2NcEEUHa8mWQTuy5oritQRVUpyQKCAQEA5/lpQxJj\nn2p/aApycswdVO6gQXY1IV/eow/O8sJe1j3qpbizXipf29asJTFwBkyz0s3f0KxP\nXsO1Un8bSXyznAP8LnKgq+ZYCaWZTQO0jbldV5HahfAizwJungNn66X4Irwu4HRW\n35yJzj09xwThPxWQXnzyk5V+EnUi4Up2GEkQm5tV/N6fRmhuNoo4f7L5onqcRwdw\niurJGKw3fvm8sTlQrQrJVUqOX+EvFbILtcPLBYYESfqKY2UuYwtn3WB8muGKtTDd\nkrM5X5hH2f9R8Bxekwa31jW0K6pkDCLsbUH06aGmBp8N03UpfwfLB5v49Dahm0uI\nwNNYBPbfeHY0cwKCAQEA9UPp9sjvMd3QkNQsYjFoziM9nfQfNWhcptf2A18/XwoR\n/c1H1c6S8nCVM+ivQbtipzBJ2QaCJmj3TOcKbdIEZF/ZwLIuyQOGdSozxtdL46O6\nRCEt0ZIAs31Bt0ilmll3OAZOmhlc+TJTGwjAsX2YVDAvTIRfGd3NHHJBtG4Lcr6c\nu2YoksfGXzlx7qCG2akJHQoblH1FJ8GTQZbP/wXZad1kbIT/kDpCLl4HDTVPFJHD\nfw7fa87MvYdJG9JwJPuw4pp6rHJZKiQ18ZM36PtoBP+WR0jfKqCNlv1PcUuinaDj\nBjJ1a5D0gQEOkVd1bfpJoFOEjM36Llfh7UXaB8zpUwKCAQA0/5GiBkiGenFjVsex\nHJsy9VXdvuECoAGgpZL1eZzrO7gpZppsUCgYdOJdmP7sIYgQCIMzDLsRfoslru6Q\nCpKKeYqbHgtBWt4QTipJIyiUHJ6LzEHtyeBaBUc6iLKsbv3TCcV3+HyEmCIP4YQE\nvUOtAwM54zgUqdnk46g1aqqyf7bwpjuuCzq+fkt34HpqCnzoNzUPMU7wHhYVsfr3\n4pzOrLaW4lj/SIpgs3TrcwMj4vi2aVj/geMuNEa10DxJoqq1RARJw0FMK/BWu9bm\nomOZBRJCaw2DPj/MniA/eZckmyYWXp0s9BfXkPQLFr+3HFZzjSu87DPxQhfhAnop\n7m+rAoIBAQDWwd3WioDvcCOU/UPTwyHbBf6JFV5SXIxsR0OSFk+d/2pbiukwrM38\n3Vm39zGmY9bxQBYZo1pJGbYZL2DxYmkYHtnDogHXX2/Xndlybch0jkOmLks5axeU\nEsR9IW5oJZh/hP5Ebpr7VPZyAIsBn1DHvt1bqbjAJHfaRa2EuKrrkT4Z1U0HoUfw\nz5MUeJk7c4iYVeZqcfog4p33W3/K9Ss3SHULlLVWa7zRbuHLzfbtsui0k6hMdOrP\ntertIqmxqHVtJgjugL3UaZqWaesV5TVi0w2aY5ONdsIkCLAMK0c7sMm4/mvUgTum\nze8ckrEvWG4ppZe11xIOjEM2iOht1h4jAoIBAQDWPVJa8wTbBwboyG20HUSYFCoG\nGuO2v4ylTqW9dyVzV4jpx0gks/aOeIi7sjSILo1qTuMcwR4ngh8JPqPJQB0BWv3s\nJxELP2iEvu3G9JKUnGJES32xEmMQOT0HpH/ZMG12TrNMbwGec5Gh3PvaQevTE4/p\nWV+WU3TfuRBCVyesrxRAWxZj00HlusDLtRO6S6pRBwPYwaxdLPJ1rvoX7CHkiwQu\nouVtH9v9DpQ0LwolztLfe0WJYuPmb0xs5uuVKQng1K10KWzjpgTC/uJOq+5hYfLk\n4/6pwXtNWvbqJ3e1sFv+Z6XvvfAWiGvl51Pgd/TpO9HGjDlC0fV+aLAzBaOB\n-----END RSA PRIVATE KEY-----\n",
            "private_key_pem_pkcs8": "-----BEGIN PRIVATE KEY-----\nMIIJQwIBADANBgkqhkiG9w0BAQEFAASCCS0wggkpAgEAAoICAQDePzwFXbPzGWUQ\nn5PUdv/k6p809Do4tJ/3cmhmQedS6jR8O3iE+A+6M7wUucTRCukPYf5xRTdn8NHx\nkxjTY8WZe4iJ8mC+EdpPFGqtTDIUYLtVdXiK0eS+V6h+xYuomDesFmPRc7ZzrGng\nEfqUd5eF7gTqhXdcilo02OAjTYOZo7PFssb9sd9m0mNJzbHgeVgm4qu5og4eNdLV\niSrg3DGhyr7BlVqbyqAipuL2NjabPfbr0b7E09Dd39Knpvjw7E3PCy4xPHmf+Vl5\naR7C/Pn5OyEH5p5SiZso27dkdik99gBvrF3/h0p/RhWBfjbjHs7UbmWIj+aftgpU\nHVlm3BgXMM0NXIO2Z0zxxGXfXjNJJEWTeArIxPcs/MkcP58FqsksThLdPF1xVWE4\nVNIbwtyr/WPkgDRuYNnx+3scrHxX3W8c+XWcfUitKE5XevXsZnJ9CwO4CNImrlmq\nHCAdFxTwXH4EgyXg3pELK6iG+Dqfpmm8wwcGAE0PTRrTWEOa3clhdXE9aSgi7lUG\nK1SWzIyCIvACFKrKOyy4XVrgN5WESSGHXkNMin4oeySm3yG7GaOntvkXig2J68mn\n3YuNgeGLOPDhDX632JeO8LbohtoMv6cjcXmf+NyISSvxLZKVchc3xTymJh5wKSjW\nXwCCXbkF7McDiCIWgrf271GmlLOsSQIDAQABAoICAGW96QpD1UdqzruHcjOHrqnr\nRqsFS0n+VmT/OQ/nB7ELiq98wjWNIhYJ7QZH7PQN3JewMr1EBJNOya2fu3O6bxFO\nXjlYfjVFEv20yQlAooR1rAz5VA+o+uCwXHB8muy5knLzZQrTwCjAO0/aqy4geXtU\ndWevZe81XwpmZmWC7MX/DSNqLnKhZTY7Bj0ZL18l7dcPWbIHoBLwbO5YdwqtgwMg\nP6d7ahl770ctwyUXuHPlMA7Q3FZa6XlJJ7ScWcZhR1WLNsBPgRZdHjrYhr6Y9Q7F\npN9rEfuTBzbzLseM2GCHJ7f33qhGFTKisOGxGAttZR4W0+BqkBd5TM0pCm5uP5Az\nys5ZY2EDomc3N1mx9qyo9jUiBAKJFnCLhWFiQUiFoHhjyU8IrIjH7HkGzzmEOaGg\nn4ei/38BihcAipBruVE/7hO9gzP5qv1M1qMhhE+UyRDAnt1vfMOW5ZjVDut5bbC7\nTFAK/S9PPY/T0CvQ3EqB5K3Ou33Ll+mSMdV4thkHq6l7bYifJiezCmBT3f/FueP3\nbXxzIR2xR6HXwKj0fNCmv0l3Lf8MHSHFT1wGr2q7o3MhgIHBoN7nw86K6Vb3Y+R/\nFoYh7MD0JUXU0gtJ8AiEtKbFiPbGJIlQt2VOJ4/O20kr90nYCUS6ZHLYaDY1wQRQ\ndryZZBO7LmiuK1BFVSnJAoIBAQDn+WlDEmOfan9oCnJyzB1U7qBBdjUhX96jD87y\nwl7WPeqluLNeKl/b1qwlMXAGTLPSzd/QrE9ew7VSfxtJfLOcA/wucqCr5lgJpZlN\nA7SNuV1XkdqF8CLPAm6eA2frpfgivC7gdFbfnInOPT3HBOE/FZBefPKTlX4SdSLh\nSnYYSRCbm1X83p9GaG42ijh/svmiepxHB3CK6skYrDd++byxOVCtCslVSo5f4S8V\nsgu1w8sFhgRJ+opjZS5jC2fdYHya4Yq1MN2SszlfmEfZ/1HwHF6TBrfWNbQrqmQM\nIuxtQfTpoaYGnw3TdSl/B8sHm/j0NqGbS4jA01gE9t94djRzAoIBAQD1Q+n2yO8x\n3dCQ1CxiMWjOIz2d9B81aFym1/YDXz9fChH9zUfVzpLycJUz6K9Bu2KnMEnZBoIm\naPdM5wpt0gRkX9nAsi7JA4Z1KjPG10vjo7pEIS3RkgCzfUG3SKWaWXc4Bk6aGVz5\nMlMbCMCxfZhUMC9MhF8Z3c0cckG0bgtyvpy7ZiiSx8ZfOXHuoIbZqQkdChuUfUUn\nwZNBls//Bdlp3WRshP+QOkIuXgcNNU8UkcN/Dt9rzsy9h0kb0nAk+7Dimnqsclkq\nJDXxkzfo+2gE/5ZHSN8qoI2W/U9xS6KdoOMGMnVrkPSBAQ6RV3Vt+kmgU4SMzfou\nV+HtRdoHzOlTAoIBADT/kaIGSIZ6cWNWx7EcmzL1Vd2+4QKgAaClkvV5nOs7uClm\nmmxQKBh04l2Y/uwhiBAIgzMMuxF+iyWu7pAKkop5ipseC0Fa3hBOKkkjKJQcnovM\nQe3J4FoFRzqIsqxu/dMJxXf4fISYIg/hhAS9Q60DAznjOBSp2eTjqDVqqrJ/tvCm\nO64LOr5+S3fgemoKfOg3NQ8xTvAeFhWx+vfinM6stpbiWP9IimCzdOtzAyPi+LZp\nWP+B4y40RrXQPEmiqrVEBEnDQUwr8Fa71uaiY5kFEkJrDYM+P8yeID95lySbJhZe\nnSz0F9eQ9AsWv7ccVnONK7zsM/FCF+ECeinub6sCggEBANbB3daKgO9wI5T9Q9PD\nIdsF/okVXlJcjGxHQ5IWT53/aluK6TCszfzdWbf3MaZj1vFAFhmjWkkZthkvYPFi\naRge2cOiAddfb9ed2XJtyHSOQ6YuSzlrF5QSxH0hbmglmH+E/kRumvtU9nIAiwGf\nUMe+3VupuMAkd9pFrYS4quuRPhnVTQehR/DPkxR4mTtziJhV5mpx+iDinfdbf8r1\nKzdIdQuUtVZrvNFu4cvN9u2y6LSTqEx06s+16u0iqbGodW0mCO6AvdRpmpZp6xXl\nNWLTDZpjk412wiQIsAwrRzuwybj+a9SBO6bN7xySsS9Ybimll7XXEg6MQzaI6G3W\nHiMCggEBANY9UlrzBNsHBujIbbQdRJgUKgYa47a/jKVOpb13JXNXiOnHSCSz9o54\niLuyNIgujWpO4xzBHieCHwk+o8lAHQFa/ewnEQs/aIS+7cb0kpScYkRLfbESYxA5\nPQekf9kwbXZOs0xvAZ5zkaHc+9pB69MTj+lZX5ZTdN+5EEJXJ6yvFEBbFmPTQeW6\nwMu1E7pLqlEHA9jBrF0s8nWu+hfsIeSLBC6i5W0f2/0OlDQvCiXO0t97RYli4+Zv\nTGzm65UpCeDUrXQpbOOmBML+4k6r7mFh8uTj/qnBe01a9uond7WwW/5npe+98BaI\na+XnU+B39Ok70caMOULR9X5osDMFo4E=\n-----END PRIVATE KEY-----\n",
            "public_key_fingerprint_md5": "1e:0b:8a:ac:a3:a4:b6:77:db:e1:94:67:69:ce:19:07",
            "public_key_fingerprint_sha256": "SHA256:v6DlgknK4CP3Kno6gqrjndmmmuhXWcRFiS2HV0tCSnE",
            "public_key_openssh": "ssh-rsa AAAAB3NzaC1yc2EAAAADAQABAAACAQDePzwFXbPzGWUQn5PUdv/k6p809Do4tJ/3cmhmQedS6jR8O3iE+A+6M7wUucTRCukPYf5xRTdn8NHxkxjTY8WZe4iJ8mC+EdpPFGqtTDIUYLtVdXiK0eS+V6h+xYuomDesFmPRc7ZzrGngEfqUd5eF7gTqhXdcilo02OAjTYOZo7PFssb9sd9m0mNJzbHgeVgm4qu5og4eNdLViSrg3DGhyr7BlVqbyqAipuL2NjabPfbr0b7E09Dd39Knpvjw7E3PCy4xPHmf+Vl5aR7C/Pn5OyEH5p5SiZso27dkdik99gBvrF3/h0p/RhWBfjbjHs7UbmWIj+aftgpUHVlm3BgXMM0NXIO2Z0zxxGXfXjNJJEWTeArIxPcs/MkcP58FqsksThLdPF1xVWE4VNIbwtyr/WPkgDRuYNnx+3scrHxX3W8c+XWcfUitKE5XevXsZnJ9CwO4CNImrlmqHCAdFxTwXH4EgyXg3pELK6iG+Dqfpmm8wwcGAE0PTRrTWEOa3clhdXE9aSgi7lUGK1SWzIyCIvACFKrKOyy4XVrgN5WESSGHXkNMin4oeySm3yG7GaOntvkXig2J68mn3YuNgeGLOPDhDX632JeO8LbohtoMv6cjcXmf+NyISSvxLZKVchc3xTymJh5wKSjWXwCCXbkF7McDiCIWgrf271GmlLOsSQ==\n",
            "public_key_pem": "-----BEGIN PUBLIC KEY-----\nMIICIjANBgkqhkiG9w0BAQEFAAOCAg8AMIICCgKCAgEA3j88BV2z8xllEJ+T1Hb/\n5OqfNPQ6OLSf93JoZkHnUuo0fDt4hPgPujO8FLnE0QrpD2H+cUU3Z/DR8ZMY02PF\nmXuIifJgvhHaTxRqrUwyFGC7VXV4itHkvleofsWLqJg3rBZj0XO2c6xp4BH6lHeX\nhe4E6oV3XIpaNNjgI02DmaOzxbLG/bHfZtJjSc2x4HlYJuKruaIOHjXS1Ykq4Nwx\nocq+wZVam8qgIqbi9jY2mz3269G+xNPQ3d/Sp6b48OxNzwsuMTx5n/lZeWkewvz5\n+TshB+aeUombKNu3ZHYpPfYAb6xd/4dKf0YVgX424x7O1G5liI/mn7YKVB1ZZtwY\nFzDNDVyDtmdM8cRl314zSSRFk3gKyMT3LPzJHD+fBarJLE4S3TxdcVVhOFTSG8Lc\nq/1j5IA0bmDZ8ft7HKx8V91vHPl1nH1IrShOV3r17GZyfQsDuAjSJq5ZqhwgHRcU\n8Fx+BIMl4N6RCyuohvg6n6ZpvMMHBgBND00a01hDmt3JYXVxPWkoIu5VBitUlsyM\ngiLwAhSqyjssuF1a4DeVhEkhh15DTIp+KHskpt8huxmjp7b5F4oNievJp92LjYHh\nizjw4Q1+t9iXjvC26IbaDL+nI3F5n/jciEkr8S2SlXIXN8U8piYecCko1l8Agl25\nBezHA4giFoK39u9RppSzrEkCAwEAAQ==\n-----END PUBLIC KEY-----\n",
            "rsa_bits": 4096
          },
          "sensitive_attributes": [
            [
              {
                "type": "get_attr",
                "value": "private_key_pem"
              }
            ],
            [
              {
                "type": "get_attr",
                "value": "private_key_openssh"
              }
            ],
            [
              {
                "type": "get_attr",
                "value": "private_key_pem_pkcs8"
              }
            ]
          ]
        }
      ]
    }
  ],
  "check_results": null
}
